
Microsoft Visual Studio Solution File, Format Version 12.00
# Visual Studio 14
VisualStudioVersion = 14.0.25123.0
MinimumVisualStudioVersion = 10.0.40219.1
Project("{FAE04EC0-301F-11D3-BF4B-00C04F79EFBC}") = "XamForms.Controls.Calendar.Droid", "XamForms.Controls.Calendar.Droid\XamForms.Controls.Calendar.Droid.csproj", "{4F9925E4-91B2-4017-A750-38726100BD44}"
EndProject
Project("{FAE04EC0-301F-11D3-BF4B-00C04F79EFBC}") = "XamForms.Controls.Calendar.iOS", "XamForms.Controls.Calendar.iOS\XamForms.Controls.Calendar.iOS.csproj", "{3AFDA59E-C3AF-4848-8C1F-674932E118FF}"
EndProject
Project("{FAE04EC0-301F-11D3-BF4B-00C04F79EFBC}") = "XamForms.Controls.Calendar.WinPhone", "XamForms.Controls.Calendar.WinPhone\XamForms.Controls.Calendar.WinPhone.csproj", "{64EE9FEF-69A9-43D9-94A9-C3DF5E926A4E}"
EndProject
Project("{FAE04EC0-301F-11D3-BF4B-00C04F79EFBC}") = "XamForms.Controls.Calendar.UWP", "XamForms.Controls.Calendar.UWP\XamForms.Controls.Calendar.UWP.csproj", "{AC53D10D-AE04-42FC-A2EE-2DA6894D9272}"
EndProject
Project("{FAE04EC0-301F-11D3-BF4B-00C04F79EFBC}") = "XamForms.Controls.Calendar", "XamForms.Controls.Calendar\XamForms.Controls.Calendar.csproj", "{DA721ED1-72ED-43EF-B909-FF4F037D6549}"
EndProject
Project("{2150E333-8FDC-42A3-9474-1A3956D46DE8}") = "Examples", "Examples", "{7D9236BA-96AB-491B-9234-42757EA56EBE}"
EndProject
Project("{FAE04EC0-301F-11D3-BF4B-00C04F79EFBC}") = "CalendarDemo.Droid", "Example\CalendarDemo\CalendarDemo.Droid\CalendarDemo.Droid.csproj", "{4A201683-DBC5-47D6-895C-C2F327909314}"
EndProject
Project("{FAE04EC0-301F-11D3-BF4B-00C04F79EFBC}") = "CalendarDemo.iOS", "Example\CalendarDemo\CalendarDemo.iOS\CalendarDemo.iOS.csproj", "{B99A9D16-7502-45AE-8285-BD2C87EDF467}"
EndProject
Project("{FAE04EC0-301F-11D3-BF4B-00C04F79EFBC}") = "CalendarDemo.WinPhone", "Example\CalendarDemo\CalendarDemo.WinPhone\CalendarDemo.WinPhone.csproj", "{3D45B6BF-53EC-4BE9-955C-26763E5AF566}"
EndProject
Project("{FAE04EC0-301F-11D3-BF4B-00C04F79EFBC}") = "CalendarDemo.UWP", "Example\CalendarDemo\CalendarDemo.UWP\CalendarDemo.UWP.csproj", "{FA5D0E83-C2DE-4E68-94A9-CFF9BD2123AB}"
EndProject
Project("{FAE04EC0-301F-11D3-BF4B-00C04F79EFBC}") = "CalendarDemo.Windows", "Example\CalendarDemo\CalendarDemo.Windows\CalendarDemo.Windows.csproj", "{163E54C9-CA16-4854-ACF4-447CC631A550}"
EndProject
Project("{FAE04EC0-301F-11D3-BF4B-00C04F79EFBC}") = "CalendarDemo", "Example\CalendarDemo\CalendarDemo\CalendarDemo.csproj", "{E20B9FA0-D846-47A9-9ECE-FF6D426104BF}"
EndProject
Project("{FAE04EC0-301F-11D3-BF4B-00C04F79EFBC}") = "XamForms.Controls.Calendar.Windows", "XamForms.Controls.Calendar.Windows\XamForms.Controls.Calendar.Windows.csproj", "{A3D6D889-986A-4639-B6AD-C42E8EA3F674}"
EndProject
Global
	GlobalSection(SolutionConfigurationPlatforms) = preSolution
		Ad-Hoc|Any CPU = Ad-Hoc|Any CPU
		Ad-Hoc|ARM = Ad-Hoc|ARM
		Ad-Hoc|iPhone = Ad-Hoc|iPhone
		Ad-Hoc|iPhoneSimulator = Ad-Hoc|iPhoneSimulator
		Ad-Hoc|x64 = Ad-Hoc|x64
		Ad-Hoc|x86 = Ad-Hoc|x86
		AppStore|Any CPU = AppStore|Any CPU
		AppStore|ARM = AppStore|ARM
		AppStore|iPhone = AppStore|iPhone
		AppStore|iPhoneSimulator = AppStore|iPhoneSimulator
		AppStore|x64 = AppStore|x64
		AppStore|x86 = AppStore|x86
		Debug|Any CPU = Debug|Any CPU
		Debug|ARM = Debug|ARM
		Debug|iPhone = Debug|iPhone
		Debug|iPhoneSimulator = Debug|iPhoneSimulator
		Debug|x64 = Debug|x64
		Debug|x86 = Debug|x86
		Release|Any CPU = Release|Any CPU
		Release|ARM = Release|ARM
		Release|iPhone = Release|iPhone
		Release|iPhoneSimulator = Release|iPhoneSimulator
		Release|x64 = Release|x64
		Release|x86 = Release|x86
	EndGlobalSection
	GlobalSection(ProjectConfigurationPlatforms) = postSolution
		{4F9925E4-91B2-4017-A750-38726100BD44}.Ad-Hoc|Any CPU.ActiveCfg = Release|Any CPU
		{4F9925E4-91B2-4017-A750-38726100BD44}.Ad-Hoc|Any CPU.Build.0 = Release|Any CPU
		{4F9925E4-91B2-4017-A750-38726100BD44}.Ad-Hoc|ARM.ActiveCfg = Release|Any CPU
		{4F9925E4-91B2-4017-A750-38726100BD44}.Ad-Hoc|ARM.Build.0 = Release|Any CPU
		{4F9925E4-91B2-4017-A750-38726100BD44}.Ad-Hoc|iPhone.ActiveCfg = Release|Any CPU
		{4F9925E4-91B2-4017-A750-38726100BD44}.Ad-Hoc|iPhone.Build.0 = Release|Any CPU
		{4F9925E4-91B2-4017-A750-38726100BD44}.Ad-Hoc|iPhoneSimulator.ActiveCfg = Release|Any CPU
		{4F9925E4-91B2-4017-A750-38726100BD44}.Ad-Hoc|iPhoneSimulator.Build.0 = Release|Any CPU
		{4F9925E4-91B2-4017-A750-38726100BD44}.Ad-Hoc|x64.ActiveCfg = Release|Any CPU
		{4F9925E4-91B2-4017-A750-38726100BD44}.Ad-Hoc|x64.Build.0 = Release|Any CPU
		{4F9925E4-91B2-4017-A750-38726100BD44}.Ad-Hoc|x86.ActiveCfg = Release|Any CPU
		{4F9925E4-91B2-4017-A750-38726100BD44}.Ad-Hoc|x86.Build.0 = Release|Any CPU
		{4F9925E4-91B2-4017-A750-38726100BD44}.AppStore|Any CPU.ActiveCfg = Release|Any CPU
		{4F9925E4-91B2-4017-A750-38726100BD44}.AppStore|Any CPU.Build.0 = Release|Any CPU
		{4F9925E4-91B2-4017-A750-38726100BD44}.AppStore|ARM.ActiveCfg = Release|Any CPU
		{4F9925E4-91B2-4017-A750-38726100BD44}.AppStore|ARM.Build.0 = Release|Any CPU
		{4F9925E4-91B2-4017-A750-38726100BD44}.AppStore|iPhone.ActiveCfg = Release|Any CPU
		{4F9925E4-91B2-4017-A750-38726100BD44}.AppStore|iPhone.Build.0 = Release|Any CPU
		{4F9925E4-91B2-4017-A750-38726100BD44}.AppStore|iPhoneSimulator.ActiveCfg = Release|Any CPU
		{4F9925E4-91B2-4017-A750-38726100BD44}.AppStore|iPhoneSimulator.Build.0 = Release|Any CPU
		{4F9925E4-91B2-4017-A750-38726100BD44}.AppStore|x64.ActiveCfg = Release|Any CPU
		{4F9925E4-91B2-4017-A750-38726100BD44}.AppStore|x64.Build.0 = Release|Any CPU
		{4F9925E4-91B2-4017-A750-38726100BD44}.AppStore|x86.ActiveCfg = Release|Any CPU
		{4F9925E4-91B2-4017-A750-38726100BD44}.AppStore|x86.Build.0 = Release|Any CPU
		{4F9925E4-91B2-4017-A750-38726100BD44}.Debug|Any CPU.ActiveCfg = Debug|Any CPU
		{4F9925E4-91B2-4017-A750-38726100BD44}.Debug|Any CPU.Build.0 = Debug|Any CPU
		{4F9925E4-91B2-4017-A750-38726100BD44}.Debug|ARM.ActiveCfg = Debug|Any CPU
		{4F9925E4-91B2-4017-A750-38726100BD44}.Debug|ARM.Build.0 = Debug|Any CPU
		{4F9925E4-91B2-4017-A750-38726100BD44}.Debug|iPhone.ActiveCfg = Debug|Any CPU
		{4F9925E4-91B2-4017-A750-38726100BD44}.Debug|iPhone.Build.0 = Debug|Any CPU
		{4F9925E4-91B2-4017-A750-38726100BD44}.Debug|iPhoneSimulator.ActiveCfg = Debug|Any CPU
		{4F9925E4-91B2-4017-A750-38726100BD44}.Debug|iPhoneSimulator.Build.0 = Debug|Any CPU
		{4F9925E4-91B2-4017-A750-38726100BD44}.Debug|x64.ActiveCfg = Debug|Any CPU
		{4F9925E4-91B2-4017-A750-38726100BD44}.Debug|x64.Build.0 = Debug|Any CPU
		{4F9925E4-91B2-4017-A750-38726100BD44}.Debug|x86.ActiveCfg = Debug|Any CPU
		{4F9925E4-91B2-4017-A750-38726100BD44}.Debug|x86.Build.0 = Debug|Any CPU
		{4F9925E4-91B2-4017-A750-38726100BD44}.Release|Any CPU.ActiveCfg = Release|Any CPU
		{4F9925E4-91B2-4017-A750-38726100BD44}.Release|Any CPU.Build.0 = Release|Any CPU
		{4F9925E4-91B2-4017-A750-38726100BD44}.Release|ARM.ActiveCfg = Release|Any CPU
		{4F9925E4-91B2-4017-A750-38726100BD44}.Release|ARM.Build.0 = Release|Any CPU
		{4F9925E4-91B2-4017-A750-38726100BD44}.Release|iPhone.ActiveCfg = Release|Any CPU
		{4F9925E4-91B2-4017-A750-38726100BD44}.Release|iPhone.Build.0 = Release|Any CPU
		{4F9925E4-91B2-4017-A750-38726100BD44}.Release|iPhoneSimulator.ActiveCfg = Release|Any CPU
		{4F9925E4-91B2-4017-A750-38726100BD44}.Release|iPhoneSimulator.Build.0 = Release|Any CPU
		{4F9925E4-91B2-4017-A750-38726100BD44}.Release|x64.ActiveCfg = Release|Any CPU
		{4F9925E4-91B2-4017-A750-38726100BD44}.Release|x64.Build.0 = Release|Any CPU
		{4F9925E4-91B2-4017-A750-38726100BD44}.Release|x86.ActiveCfg = Release|Any CPU
		{4F9925E4-91B2-4017-A750-38726100BD44}.Release|x86.Build.0 = Release|Any CPU
		{3AFDA59E-C3AF-4848-8C1F-674932E118FF}.Ad-Hoc|Any CPU.ActiveCfg = AppStore|Any CPU
		{3AFDA59E-C3AF-4848-8C1F-674932E118FF}.Ad-Hoc|Any CPU.Build.0 = AppStore|Any CPU
		{3AFDA59E-C3AF-4848-8C1F-674932E118FF}.Ad-Hoc|ARM.ActiveCfg = AppStore|Any CPU
		{3AFDA59E-C3AF-4848-8C1F-674932E118FF}.Ad-Hoc|ARM.Build.0 = AppStore|Any CPU
		{3AFDA59E-C3AF-4848-8C1F-674932E118FF}.Ad-Hoc|iPhone.ActiveCfg = AppStore|Any CPU
		{3AFDA59E-C3AF-4848-8C1F-674932E118FF}.Ad-Hoc|iPhone.Build.0 = AppStore|Any CPU
		{3AFDA59E-C3AF-4848-8C1F-674932E118FF}.Ad-Hoc|iPhoneSimulator.ActiveCfg = AppStore|Any CPU
		{3AFDA59E-C3AF-4848-8C1F-674932E118FF}.Ad-Hoc|iPhoneSimulator.Build.0 = AppStore|Any CPU
		{3AFDA59E-C3AF-4848-8C1F-674932E118FF}.Ad-Hoc|x64.ActiveCfg = AppStore|Any CPU
		{3AFDA59E-C3AF-4848-8C1F-674932E118FF}.Ad-Hoc|x64.Build.0 = AppStore|Any CPU
		{3AFDA59E-C3AF-4848-8C1F-674932E118FF}.Ad-Hoc|x86.ActiveCfg = AppStore|Any CPU
		{3AFDA59E-C3AF-4848-8C1F-674932E118FF}.Ad-Hoc|x86.Build.0 = AppStore|Any CPU
		{3AFDA59E-C3AF-4848-8C1F-674932E118FF}.AppStore|Any CPU.ActiveCfg = AppStore|Any CPU
		{3AFDA59E-C3AF-4848-8C1F-674932E118FF}.AppStore|Any CPU.Build.0 = AppStore|Any CPU
		{3AFDA59E-C3AF-4848-8C1F-674932E118FF}.AppStore|ARM.ActiveCfg = AppStore|Any CPU
		{3AFDA59E-C3AF-4848-8C1F-674932E118FF}.AppStore|ARM.Build.0 = AppStore|Any CPU
		{3AFDA59E-C3AF-4848-8C1F-674932E118FF}.AppStore|iPhone.ActiveCfg = AppStore|Any CPU
		{3AFDA59E-C3AF-4848-8C1F-674932E118FF}.AppStore|iPhone.Build.0 = AppStore|Any CPU
		{3AFDA59E-C3AF-4848-8C1F-674932E118FF}.AppStore|iPhoneSimulator.ActiveCfg = AppStore|Any CPU
		{3AFDA59E-C3AF-4848-8C1F-674932E118FF}.AppStore|iPhoneSimulator.Build.0 = AppStore|Any CPU
		{3AFDA59E-C3AF-4848-8C1F-674932E118FF}.AppStore|x64.ActiveCfg = AppStore|Any CPU
		{3AFDA59E-C3AF-4848-8C1F-674932E118FF}.AppStore|x64.Build.0 = AppStore|Any CPU
		{3AFDA59E-C3AF-4848-8C1F-674932E118FF}.AppStore|x86.ActiveCfg = AppStore|Any CPU
		{3AFDA59E-C3AF-4848-8C1F-674932E118FF}.AppStore|x86.Build.0 = AppStore|Any CPU
		{3AFDA59E-C3AF-4848-8C1F-674932E118FF}.Debug|Any CPU.ActiveCfg = Debug|Any CPU
		{3AFDA59E-C3AF-4848-8C1F-674932E118FF}.Debug|Any CPU.Build.0 = Debug|Any CPU
		{3AFDA59E-C3AF-4848-8C1F-674932E118FF}.Debug|ARM.ActiveCfg = Debug|Any CPU
		{3AFDA59E-C3AF-4848-8C1F-674932E118FF}.Debug|ARM.Build.0 = Debug|Any CPU
		{3AFDA59E-C3AF-4848-8C1F-674932E118FF}.Debug|iPhone.ActiveCfg = Debug|Any CPU
		{3AFDA59E-C3AF-4848-8C1F-674932E118FF}.Debug|iPhone.Build.0 = Debug|Any CPU
		{3AFDA59E-C3AF-4848-8C1F-674932E118FF}.Debug|iPhoneSimulator.ActiveCfg = Debug|Any CPU
		{3AFDA59E-C3AF-4848-8C1F-674932E118FF}.Debug|iPhoneSimulator.Build.0 = Debug|Any CPU
		{3AFDA59E-C3AF-4848-8C1F-674932E118FF}.Debug|x64.ActiveCfg = Debug|Any CPU
		{3AFDA59E-C3AF-4848-8C1F-674932E118FF}.Debug|x64.Build.0 = Debug|Any CPU
		{3AFDA59E-C3AF-4848-8C1F-674932E118FF}.Debug|x86.ActiveCfg = Debug|Any CPU
		{3AFDA59E-C3AF-4848-8C1F-674932E118FF}.Debug|x86.Build.0 = Debug|Any CPU
		{3AFDA59E-C3AF-4848-8C1F-674932E118FF}.Release|Any CPU.ActiveCfg = Release|Any CPU
		{3AFDA59E-C3AF-4848-8C1F-674932E118FF}.Release|Any CPU.Build.0 = Release|Any CPU
		{3AFDA59E-C3AF-4848-8C1F-674932E118FF}.Release|ARM.ActiveCfg = Release|Any CPU
		{3AFDA59E-C3AF-4848-8C1F-674932E118FF}.Release|ARM.Build.0 = Release|Any CPU
		{3AFDA59E-C3AF-4848-8C1F-674932E118FF}.Release|iPhone.ActiveCfg = Release|Any CPU
		{3AFDA59E-C3AF-4848-8C1F-674932E118FF}.Release|iPhone.Build.0 = Release|Any CPU
		{3AFDA59E-C3AF-4848-8C1F-674932E118FF}.Release|iPhoneSimulator.ActiveCfg = Release|Any CPU
		{3AFDA59E-C3AF-4848-8C1F-674932E118FF}.Release|iPhoneSimulator.Build.0 = Release|Any CPU
		{3AFDA59E-C3AF-4848-8C1F-674932E118FF}.Release|x64.ActiveCfg = Release|Any CPU
		{3AFDA59E-C3AF-4848-8C1F-674932E118FF}.Release|x64.Build.0 = Release|Any CPU
		{3AFDA59E-C3AF-4848-8C1F-674932E118FF}.Release|x86.ActiveCfg = Release|Any CPU
		{3AFDA59E-C3AF-4848-8C1F-674932E118FF}.Release|x86.Build.0 = Release|Any CPU
		{64EE9FEF-69A9-43D9-94A9-C3DF5E926A4E}.Ad-Hoc|Any CPU.ActiveCfg = Release|Any CPU
		{64EE9FEF-69A9-43D9-94A9-C3DF5E926A4E}.Ad-Hoc|Any CPU.Build.0 = Release|Any CPU
		{64EE9FEF-69A9-43D9-94A9-C3DF5E926A4E}.Ad-Hoc|ARM.ActiveCfg = Release|ARM
		{64EE9FEF-69A9-43D9-94A9-C3DF5E926A4E}.Ad-Hoc|ARM.Build.0 = Release|ARM
		{64EE9FEF-69A9-43D9-94A9-C3DF5E926A4E}.Ad-Hoc|iPhone.ActiveCfg = Release|Any CPU
		{64EE9FEF-69A9-43D9-94A9-C3DF5E926A4E}.Ad-Hoc|iPhone.Build.0 = Release|Any CPU
		{64EE9FEF-69A9-43D9-94A9-C3DF5E926A4E}.Ad-Hoc|iPhoneSimulator.ActiveCfg = Release|Any CPU
		{64EE9FEF-69A9-43D9-94A9-C3DF5E926A4E}.Ad-Hoc|iPhoneSimulator.Build.0 = Release|Any CPU
		{64EE9FEF-69A9-43D9-94A9-C3DF5E926A4E}.Ad-Hoc|x64.ActiveCfg = Release|Any CPU
		{64EE9FEF-69A9-43D9-94A9-C3DF5E926A4E}.Ad-Hoc|x64.Build.0 = Release|Any CPU
		{64EE9FEF-69A9-43D9-94A9-C3DF5E926A4E}.Ad-Hoc|x86.ActiveCfg = Release|x86
		{64EE9FEF-69A9-43D9-94A9-C3DF5E926A4E}.Ad-Hoc|x86.Build.0 = Release|x86
		{64EE9FEF-69A9-43D9-94A9-C3DF5E926A4E}.AppStore|Any CPU.ActiveCfg = Release|Any CPU
		{64EE9FEF-69A9-43D9-94A9-C3DF5E926A4E}.AppStore|Any CPU.Build.0 = Release|Any CPU
		{64EE9FEF-69A9-43D9-94A9-C3DF5E926A4E}.AppStore|ARM.ActiveCfg = Release|ARM
		{64EE9FEF-69A9-43D9-94A9-C3DF5E926A4E}.AppStore|ARM.Build.0 = Release|ARM
		{64EE9FEF-69A9-43D9-94A9-C3DF5E926A4E}.AppStore|iPhone.ActiveCfg = Release|Any CPU
		{64EE9FEF-69A9-43D9-94A9-C3DF5E926A4E}.AppStore|iPhone.Build.0 = Release|Any CPU
		{64EE9FEF-69A9-43D9-94A9-C3DF5E926A4E}.AppStore|iPhoneSimulator.ActiveCfg = Release|Any CPU
		{64EE9FEF-69A9-43D9-94A9-C3DF5E926A4E}.AppStore|iPhoneSimulator.Build.0 = Release|Any CPU
		{64EE9FEF-69A9-43D9-94A9-C3DF5E926A4E}.AppStore|x64.ActiveCfg = Release|Any CPU
		{64EE9FEF-69A9-43D9-94A9-C3DF5E926A4E}.AppStore|x64.Build.0 = Release|Any CPU
		{64EE9FEF-69A9-43D9-94A9-C3DF5E926A4E}.AppStore|x86.ActiveCfg = Release|x86
		{64EE9FEF-69A9-43D9-94A9-C3DF5E926A4E}.AppStore|x86.Build.0 = Release|x86
		{64EE9FEF-69A9-43D9-94A9-C3DF5E926A4E}.Debug|Any CPU.ActiveCfg = Debug|Any CPU
		{64EE9FEF-69A9-43D9-94A9-C3DF5E926A4E}.Debug|Any CPU.Build.0 = Debug|Any CPU
		{64EE9FEF-69A9-43D9-94A9-C3DF5E926A4E}.Debug|ARM.ActiveCfg = Debug|ARM
		{64EE9FEF-69A9-43D9-94A9-C3DF5E926A4E}.Debug|ARM.Build.0 = Debug|ARM
		{64EE9FEF-69A9-43D9-94A9-C3DF5E926A4E}.Debug|iPhone.ActiveCfg = Debug|Any CPU
		{64EE9FEF-69A9-43D9-94A9-C3DF5E926A4E}.Debug|iPhone.Build.0 = Debug|Any CPU
		{64EE9FEF-69A9-43D9-94A9-C3DF5E926A4E}.Debug|iPhoneSimulator.ActiveCfg = Debug|Any CPU
		{64EE9FEF-69A9-43D9-94A9-C3DF5E926A4E}.Debug|iPhoneSimulator.Build.0 = Debug|Any CPU
		{64EE9FEF-69A9-43D9-94A9-C3DF5E926A4E}.Debug|x64.ActiveCfg = Debug|Any CPU
		{64EE9FEF-69A9-43D9-94A9-C3DF5E926A4E}.Debug|x64.Build.0 = Debug|Any CPU
		{64EE9FEF-69A9-43D9-94A9-C3DF5E926A4E}.Debug|x86.ActiveCfg = Debug|x86
		{64EE9FEF-69A9-43D9-94A9-C3DF5E926A4E}.Debug|x86.Build.0 = Debug|x86
		{64EE9FEF-69A9-43D9-94A9-C3DF5E926A4E}.Release|Any CPU.ActiveCfg = Release|Any CPU
		{64EE9FEF-69A9-43D9-94A9-C3DF5E926A4E}.Release|Any CPU.Build.0 = Release|Any CPU
		{64EE9FEF-69A9-43D9-94A9-C3DF5E926A4E}.Release|ARM.ActiveCfg = Release|ARM
		{64EE9FEF-69A9-43D9-94A9-C3DF5E926A4E}.Release|ARM.Build.0 = Release|ARM
		{64EE9FEF-69A9-43D9-94A9-C3DF5E926A4E}.Release|iPhone.ActiveCfg = Release|Any CPU
		{64EE9FEF-69A9-43D9-94A9-C3DF5E926A4E}.Release|iPhone.Build.0 = Release|Any CPU
		{64EE9FEF-69A9-43D9-94A9-C3DF5E926A4E}.Release|iPhoneSimulator.ActiveCfg = Release|Any CPU
		{64EE9FEF-69A9-43D9-94A9-C3DF5E926A4E}.Release|iPhoneSimulator.Build.0 = Release|Any CPU
		{64EE9FEF-69A9-43D9-94A9-C3DF5E926A4E}.Release|x64.ActiveCfg = Release|Any CPU
		{64EE9FEF-69A9-43D9-94A9-C3DF5E926A4E}.Release|x64.Build.0 = Release|Any CPU
		{64EE9FEF-69A9-43D9-94A9-C3DF5E926A4E}.Release|x86.ActiveCfg = Release|x86
		{64EE9FEF-69A9-43D9-94A9-C3DF5E926A4E}.Release|x86.Build.0 = Release|x86
		{AC53D10D-AE04-42FC-A2EE-2DA6894D9272}.Ad-Hoc|Any CPU.ActiveCfg = Release|Any CPU
		{AC53D10D-AE04-42FC-A2EE-2DA6894D9272}.Ad-Hoc|Any CPU.Build.0 = Release|Any CPU
		{AC53D10D-AE04-42FC-A2EE-2DA6894D9272}.Ad-Hoc|ARM.ActiveCfg = Release|ARM
		{AC53D10D-AE04-42FC-A2EE-2DA6894D9272}.Ad-Hoc|ARM.Build.0 = Release|ARM
		{AC53D10D-AE04-42FC-A2EE-2DA6894D9272}.Ad-Hoc|iPhone.ActiveCfg = Release|Any CPU
		{AC53D10D-AE04-42FC-A2EE-2DA6894D9272}.Ad-Hoc|iPhone.Build.0 = Release|Any CPU
		{AC53D10D-AE04-42FC-A2EE-2DA6894D9272}.Ad-Hoc|iPhoneSimulator.ActiveCfg = Release|Any CPU
		{AC53D10D-AE04-42FC-A2EE-2DA6894D9272}.Ad-Hoc|iPhoneSimulator.Build.0 = Release|Any CPU
		{AC53D10D-AE04-42FC-A2EE-2DA6894D9272}.Ad-Hoc|x64.ActiveCfg = Release|x64
		{AC53D10D-AE04-42FC-A2EE-2DA6894D9272}.Ad-Hoc|x64.Build.0 = Release|x64
		{AC53D10D-AE04-42FC-A2EE-2DA6894D9272}.Ad-Hoc|x86.ActiveCfg = Release|x86
		{AC53D10D-AE04-42FC-A2EE-2DA6894D9272}.Ad-Hoc|x86.Build.0 = Release|x86
		{AC53D10D-AE04-42FC-A2EE-2DA6894D9272}.AppStore|Any CPU.ActiveCfg = Release|Any CPU
		{AC53D10D-AE04-42FC-A2EE-2DA6894D9272}.AppStore|Any CPU.Build.0 = Release|Any CPU
		{AC53D10D-AE04-42FC-A2EE-2DA6894D9272}.AppStore|ARM.ActiveCfg = Release|ARM
		{AC53D10D-AE04-42FC-A2EE-2DA6894D9272}.AppStore|ARM.Build.0 = Release|ARM
		{AC53D10D-AE04-42FC-A2EE-2DA6894D9272}.AppStore|iPhone.ActiveCfg = Release|Any CPU
		{AC53D10D-AE04-42FC-A2EE-2DA6894D9272}.AppStore|iPhone.Build.0 = Release|Any CPU
		{AC53D10D-AE04-42FC-A2EE-2DA6894D9272}.AppStore|iPhoneSimulator.ActiveCfg = Release|Any CPU
		{AC53D10D-AE04-42FC-A2EE-2DA6894D9272}.AppStore|iPhoneSimulator.Build.0 = Release|Any CPU
		{AC53D10D-AE04-42FC-A2EE-2DA6894D9272}.AppStore|x64.ActiveCfg = Release|x64
		{AC53D10D-AE04-42FC-A2EE-2DA6894D9272}.AppStore|x64.Build.0 = Release|x64
		{AC53D10D-AE04-42FC-A2EE-2DA6894D9272}.AppStore|x86.ActiveCfg = Release|x86
		{AC53D10D-AE04-42FC-A2EE-2DA6894D9272}.AppStore|x86.Build.0 = Release|x86
		{AC53D10D-AE04-42FC-A2EE-2DA6894D9272}.Debug|Any CPU.ActiveCfg = Debug|Any CPU
		{AC53D10D-AE04-42FC-A2EE-2DA6894D9272}.Debug|Any CPU.Build.0 = Debug|Any CPU
		{AC53D10D-AE04-42FC-A2EE-2DA6894D9272}.Debug|ARM.ActiveCfg = Debug|ARM
		{AC53D10D-AE04-42FC-A2EE-2DA6894D9272}.Debug|ARM.Build.0 = Debug|ARM
		{AC53D10D-AE04-42FC-A2EE-2DA6894D9272}.Debug|iPhone.ActiveCfg = Debug|Any CPU
		{AC53D10D-AE04-42FC-A2EE-2DA6894D9272}.Debug|iPhone.Build.0 = Debug|Any CPU
		{AC53D10D-AE04-42FC-A2EE-2DA6894D9272}.Debug|iPhoneSimulator.ActiveCfg = Debug|Any CPU
		{AC53D10D-AE04-42FC-A2EE-2DA6894D9272}.Debug|iPhoneSimulator.Build.0 = Debug|Any CPU
		{AC53D10D-AE04-42FC-A2EE-2DA6894D9272}.Debug|x64.ActiveCfg = Debug|x64
		{AC53D10D-AE04-42FC-A2EE-2DA6894D9272}.Debug|x64.Build.0 = Debug|x64
		{AC53D10D-AE04-42FC-A2EE-2DA6894D9272}.Debug|x86.ActiveCfg = Debug|x86
		{AC53D10D-AE04-42FC-A2EE-2DA6894D9272}.Debug|x86.Build.0 = Debug|x86
		{AC53D10D-AE04-42FC-A2EE-2DA6894D9272}.Release|Any CPU.ActiveCfg = Release|Any CPU
		{AC53D10D-AE04-42FC-A2EE-2DA6894D9272}.Release|Any CPU.Build.0 = Release|Any CPU
		{AC53D10D-AE04-42FC-A2EE-2DA6894D9272}.Release|ARM.ActiveCfg = Release|ARM
		{AC53D10D-AE04-42FC-A2EE-2DA6894D9272}.Release|ARM.Build.0 = Release|ARM
		{AC53D10D-AE04-42FC-A2EE-2DA6894D9272}.Release|iPhone.ActiveCfg = Release|Any CPU
		{AC53D10D-AE04-42FC-A2EE-2DA6894D9272}.Release|iPhone.Build.0 = Release|Any CPU
		{AC53D10D-AE04-42FC-A2EE-2DA6894D9272}.Release|iPhoneSimulator.ActiveCfg = Release|Any CPU
		{AC53D10D-AE04-42FC-A2EE-2DA6894D9272}.Release|iPhoneSimulator.Build.0 = Release|Any CPU
		{AC53D10D-AE04-42FC-A2EE-2DA6894D9272}.Release|x64.ActiveCfg = Release|x64
		{AC53D10D-AE04-42FC-A2EE-2DA6894D9272}.Release|x64.Build.0 = Release|x64
		{AC53D10D-AE04-42FC-A2EE-2DA6894D9272}.Release|x86.ActiveCfg = Release|x86
		{AC53D10D-AE04-42FC-A2EE-2DA6894D9272}.Release|x86.Build.0 = Release|x86
		{DA721ED1-72ED-43EF-B909-FF4F037D6549}.Ad-Hoc|Any CPU.ActiveCfg = Release|Any CPU
		{DA721ED1-72ED-43EF-B909-FF4F037D6549}.Ad-Hoc|Any CPU.Build.0 = Release|Any CPU
		{DA721ED1-72ED-43EF-B909-FF4F037D6549}.Ad-Hoc|ARM.ActiveCfg = Release|Any CPU
		{DA721ED1-72ED-43EF-B909-FF4F037D6549}.Ad-Hoc|ARM.Build.0 = Release|Any CPU
		{DA721ED1-72ED-43EF-B909-FF4F037D6549}.Ad-Hoc|iPhone.ActiveCfg = Release|Any CPU
		{DA721ED1-72ED-43EF-B909-FF4F037D6549}.Ad-Hoc|iPhone.Build.0 = Release|Any CPU
		{DA721ED1-72ED-43EF-B909-FF4F037D6549}.Ad-Hoc|iPhoneSimulator.ActiveCfg = Release|Any CPU
		{DA721ED1-72ED-43EF-B909-FF4F037D6549}.Ad-Hoc|iPhoneSimulator.Build.0 = Release|Any CPU
		{DA721ED1-72ED-43EF-B909-FF4F037D6549}.Ad-Hoc|x64.ActiveCfg = Release|Any CPU
		{DA721ED1-72ED-43EF-B909-FF4F037D6549}.Ad-Hoc|x64.Build.0 = Release|Any CPU
		{DA721ED1-72ED-43EF-B909-FF4F037D6549}.Ad-Hoc|x86.ActiveCfg = Release|Any CPU
		{DA721ED1-72ED-43EF-B909-FF4F037D6549}.Ad-Hoc|x86.Build.0 = Release|Any CPU
		{DA721ED1-72ED-43EF-B909-FF4F037D6549}.AppStore|Any CPU.ActiveCfg = Release|Any CPU
		{DA721ED1-72ED-43EF-B909-FF4F037D6549}.AppStore|Any CPU.Build.0 = Release|Any CPU
		{DA721ED1-72ED-43EF-B909-FF4F037D6549}.AppStore|ARM.ActiveCfg = Release|Any CPU
		{DA721ED1-72ED-43EF-B909-FF4F037D6549}.AppStore|ARM.Build.0 = Release|Any CPU
		{DA721ED1-72ED-43EF-B909-FF4F037D6549}.AppStore|iPhone.ActiveCfg = Release|Any CPU
		{DA721ED1-72ED-43EF-B909-FF4F037D6549}.AppStore|iPhone.Build.0 = Release|Any CPU
		{DA721ED1-72ED-43EF-B909-FF4F037D6549}.AppStore|iPhoneSimulator.ActiveCfg = Release|Any CPU
		{DA721ED1-72ED-43EF-B909-FF4F037D6549}.AppStore|iPhoneSimulator.Build.0 = Release|Any CPU
		{DA721ED1-72ED-43EF-B909-FF4F037D6549}.AppStore|x64.ActiveCfg = Release|Any CPU
		{DA721ED1-72ED-43EF-B909-FF4F037D6549}.AppStore|x64.Build.0 = Release|Any CPU
		{DA721ED1-72ED-43EF-B909-FF4F037D6549}.AppStore|x86.ActiveCfg = Release|Any CPU
		{DA721ED1-72ED-43EF-B909-FF4F037D6549}.AppStore|x86.Build.0 = Release|Any CPU
		{DA721ED1-72ED-43EF-B909-FF4F037D6549}.Debug|Any CPU.ActiveCfg = Debug|Any CPU
		{DA721ED1-72ED-43EF-B909-FF4F037D6549}.Debug|Any CPU.Build.0 = Debug|Any CPU
		{DA721ED1-72ED-43EF-B909-FF4F037D6549}.Debug|ARM.ActiveCfg = Debug|Any CPU
		{DA721ED1-72ED-43EF-B909-FF4F037D6549}.Debug|ARM.Build.0 = Debug|Any CPU
		{DA721ED1-72ED-43EF-B909-FF4F037D6549}.Debug|iPhone.ActiveCfg = Debug|Any CPU
		{DA721ED1-72ED-43EF-B909-FF4F037D6549}.Debug|iPhone.Build.0 = Debug|Any CPU
		{DA721ED1-72ED-43EF-B909-FF4F037D6549}.Debug|iPhoneSimulator.ActiveCfg = Debug|Any CPU
		{DA721ED1-72ED-43EF-B909-FF4F037D6549}.Debug|iPhoneSimulator.Build.0 = Debug|Any CPU
		{DA721ED1-72ED-43EF-B909-FF4F037D6549}.Debug|x64.ActiveCfg = Debug|Any CPU
		{DA721ED1-72ED-43EF-B909-FF4F037D6549}.Debug|x64.Build.0 = Debug|Any CPU
		{DA721ED1-72ED-43EF-B909-FF4F037D6549}.Debug|x86.ActiveCfg = Debug|Any CPU
		{DA721ED1-72ED-43EF-B909-FF4F037D6549}.Debug|x86.Build.0 = Debug|Any CPU
		{DA721ED1-72ED-43EF-B909-FF4F037D6549}.Release|Any CPU.ActiveCfg = Release|Any CPU
		{DA721ED1-72ED-43EF-B909-FF4F037D6549}.Release|Any CPU.Build.0 = Release|Any CPU
		{DA721ED1-72ED-43EF-B909-FF4F037D6549}.Release|ARM.ActiveCfg = Release|Any CPU
		{DA721ED1-72ED-43EF-B909-FF4F037D6549}.Release|ARM.Build.0 = Release|Any CPU
		{DA721ED1-72ED-43EF-B909-FF4F037D6549}.Release|iPhone.ActiveCfg = Release|Any CPU
		{DA721ED1-72ED-43EF-B909-FF4F037D6549}.Release|iPhone.Build.0 = Release|Any CPU
		{DA721ED1-72ED-43EF-B909-FF4F037D6549}.Release|iPhoneSimulator.ActiveCfg = Release|Any CPU
		{DA721ED1-72ED-43EF-B909-FF4F037D6549}.Release|iPhoneSimulator.Build.0 = Release|Any CPU
		{DA721ED1-72ED-43EF-B909-FF4F037D6549}.Release|x64.ActiveCfg = Release|Any CPU
		{DA721ED1-72ED-43EF-B909-FF4F037D6549}.Release|x64.Build.0 = Release|Any CPU
		{DA721ED1-72ED-43EF-B909-FF4F037D6549}.Release|x86.ActiveCfg = Release|Any CPU
		{DA721ED1-72ED-43EF-B909-FF4F037D6549}.Release|x86.Build.0 = Release|Any CPU
		{4A201683-DBC5-47D6-895C-C2F327909314}.Ad-Hoc|Any CPU.ActiveCfg = Release|Any CPU
		{4A201683-DBC5-47D6-895C-C2F327909314}.Ad-Hoc|Any CPU.Build.0 = Release|Any CPU
		{4A201683-DBC5-47D6-895C-C2F327909314}.Ad-Hoc|Any CPU.Deploy.0 = Release|Any CPU
		{4A201683-DBC5-47D6-895C-C2F327909314}.Ad-Hoc|ARM.ActiveCfg = Release|Any CPU
		{4A201683-DBC5-47D6-895C-C2F327909314}.Ad-Hoc|ARM.Build.0 = Release|Any CPU
		{4A201683-DBC5-47D6-895C-C2F327909314}.Ad-Hoc|ARM.Deploy.0 = Release|Any CPU
		{4A201683-DBC5-47D6-895C-C2F327909314}.Ad-Hoc|iPhone.ActiveCfg = Release|Any CPU
		{4A201683-DBC5-47D6-895C-C2F327909314}.Ad-Hoc|iPhone.Build.0 = Release|Any CPU
		{4A201683-DBC5-47D6-895C-C2F327909314}.Ad-Hoc|iPhone.Deploy.0 = Release|Any CPU
		{4A201683-DBC5-47D6-895C-C2F327909314}.Ad-Hoc|iPhoneSimulator.ActiveCfg = Release|Any CPU
		{4A201683-DBC5-47D6-895C-C2F327909314}.Ad-Hoc|iPhoneSimulator.Build.0 = Release|Any CPU
		{4A201683-DBC5-47D6-895C-C2F327909314}.Ad-Hoc|iPhoneSimulator.Deploy.0 = Release|Any CPU
		{4A201683-DBC5-47D6-895C-C2F327909314}.Ad-Hoc|x64.ActiveCfg = Release|Any CPU
		{4A201683-DBC5-47D6-895C-C2F327909314}.Ad-Hoc|x64.Build.0 = Release|Any CPU
		{4A201683-DBC5-47D6-895C-C2F327909314}.Ad-Hoc|x64.Deploy.0 = Release|Any CPU
		{4A201683-DBC5-47D6-895C-C2F327909314}.Ad-Hoc|x86.ActiveCfg = Release|Any CPU
		{4A201683-DBC5-47D6-895C-C2F327909314}.Ad-Hoc|x86.Build.0 = Release|Any CPU
		{4A201683-DBC5-47D6-895C-C2F327909314}.Ad-Hoc|x86.Deploy.0 = Release|Any CPU
		{4A201683-DBC5-47D6-895C-C2F327909314}.AppStore|Any CPU.ActiveCfg = Release|Any CPU
		{4A201683-DBC5-47D6-895C-C2F327909314}.AppStore|Any CPU.Build.0 = Release|Any CPU
		{4A201683-DBC5-47D6-895C-C2F327909314}.AppStore|Any CPU.Deploy.0 = Release|Any CPU
		{4A201683-DBC5-47D6-895C-C2F327909314}.AppStore|ARM.ActiveCfg = Release|Any CPU
		{4A201683-DBC5-47D6-895C-C2F327909314}.AppStore|ARM.Build.0 = Release|Any CPU
		{4A201683-DBC5-47D6-895C-C2F327909314}.AppStore|ARM.Deploy.0 = Release|Any CPU
		{4A201683-DBC5-47D6-895C-C2F327909314}.AppStore|iPhone.ActiveCfg = Release|Any CPU
		{4A201683-DBC5-47D6-895C-C2F327909314}.AppStore|iPhone.Build.0 = Release|Any CPU
		{4A201683-DBC5-47D6-895C-C2F327909314}.AppStore|iPhone.Deploy.0 = Release|Any CPU
		{4A201683-DBC5-47D6-895C-C2F327909314}.AppStore|iPhoneSimulator.ActiveCfg = Release|Any CPU
		{4A201683-DBC5-47D6-895C-C2F327909314}.AppStore|iPhoneSimulator.Build.0 = Release|Any CPU
		{4A201683-DBC5-47D6-895C-C2F327909314}.AppStore|iPhoneSimulator.Deploy.0 = Release|Any CPU
		{4A201683-DBC5-47D6-895C-C2F327909314}.AppStore|x64.ActiveCfg = Release|Any CPU
		{4A201683-DBC5-47D6-895C-C2F327909314}.AppStore|x64.Build.0 = Release|Any CPU
		{4A201683-DBC5-47D6-895C-C2F327909314}.AppStore|x64.Deploy.0 = Release|Any CPU
		{4A201683-DBC5-47D6-895C-C2F327909314}.AppStore|x86.ActiveCfg = Release|Any CPU
		{4A201683-DBC5-47D6-895C-C2F327909314}.AppStore|x86.Build.0 = Release|Any CPU
		{4A201683-DBC5-47D6-895C-C2F327909314}.AppStore|x86.Deploy.0 = Release|Any CPU
		{4A201683-DBC5-47D6-895C-C2F327909314}.Debug|Any CPU.ActiveCfg = Debug|Any CPU
		{4A201683-DBC5-47D6-895C-C2F327909314}.Debug|Any CPU.Build.0 = Debug|Any CPU
		{4A201683-DBC5-47D6-895C-C2F327909314}.Debug|Any CPU.Deploy.0 = Debug|Any CPU
		{4A201683-DBC5-47D6-895C-C2F327909314}.Debug|ARM.ActiveCfg = Debug|Any CPU
		{4A201683-DBC5-47D6-895C-C2F327909314}.Debug|ARM.Build.0 = Debug|Any CPU
		{4A201683-DBC5-47D6-895C-C2F327909314}.Debug|ARM.Deploy.0 = Debug|Any CPU
		{4A201683-DBC5-47D6-895C-C2F327909314}.Debug|iPhone.ActiveCfg = Debug|Any CPU
		{4A201683-DBC5-47D6-895C-C2F327909314}.Debug|iPhone.Build.0 = Debug|Any CPU
		{4A201683-DBC5-47D6-895C-C2F327909314}.Debug|iPhone.Deploy.0 = Debug|Any CPU
		{4A201683-DBC5-47D6-895C-C2F327909314}.Debug|iPhoneSimulator.ActiveCfg = Debug|Any CPU
		{4A201683-DBC5-47D6-895C-C2F327909314}.Debug|iPhoneSimulator.Build.0 = Debug|Any CPU
		{4A201683-DBC5-47D6-895C-C2F327909314}.Debug|iPhoneSimulator.Deploy.0 = Debug|Any CPU
		{4A201683-DBC5-47D6-895C-C2F327909314}.Debug|x64.ActiveCfg = Debug|Any CPU
		{4A201683-DBC5-47D6-895C-C2F327909314}.Debug|x64.Build.0 = Debug|Any CPU
		{4A201683-DBC5-47D6-895C-C2F327909314}.Debug|x64.Deploy.0 = Debug|Any CPU
		{4A201683-DBC5-47D6-895C-C2F327909314}.Debug|x86.ActiveCfg = Debug|Any CPU
		{4A201683-DBC5-47D6-895C-C2F327909314}.Debug|x86.Build.0 = Debug|Any CPU
		{4A201683-DBC5-47D6-895C-C2F327909314}.Debug|x86.Deploy.0 = Debug|Any CPU
		{4A201683-DBC5-47D6-895C-C2F327909314}.Release|Any CPU.ActiveCfg = Release|Any CPU
		{4A201683-DBC5-47D6-895C-C2F327909314}.Release|Any CPU.Build.0 = Release|Any CPU
		{4A201683-DBC5-47D6-895C-C2F327909314}.Release|Any CPU.Deploy.0 = Release|Any CPU
		{4A201683-DBC5-47D6-895C-C2F327909314}.Release|ARM.ActiveCfg = Release|Any CPU
		{4A201683-DBC5-47D6-895C-C2F327909314}.Release|ARM.Build.0 = Release|Any CPU
		{4A201683-DBC5-47D6-895C-C2F327909314}.Release|ARM.Deploy.0 = Release|Any CPU
		{4A201683-DBC5-47D6-895C-C2F327909314}.Release|iPhone.ActiveCfg = Release|Any CPU
		{4A201683-DBC5-47D6-895C-C2F327909314}.Release|iPhone.Build.0 = Release|Any CPU
		{4A201683-DBC5-47D6-895C-C2F327909314}.Release|iPhone.Deploy.0 = Release|Any CPU
		{4A201683-DBC5-47D6-895C-C2F327909314}.Release|iPhoneSimulator.ActiveCfg = Release|Any CPU
		{4A201683-DBC5-47D6-895C-C2F327909314}.Release|iPhoneSimulator.Build.0 = Release|Any CPU
		{4A201683-DBC5-47D6-895C-C2F327909314}.Release|iPhoneSimulator.Deploy.0 = Release|Any CPU
		{4A201683-DBC5-47D6-895C-C2F327909314}.Release|x64.ActiveCfg = Release|Any CPU
		{4A201683-DBC5-47D6-895C-C2F327909314}.Release|x64.Build.0 = Release|Any CPU
		{4A201683-DBC5-47D6-895C-C2F327909314}.Release|x64.Deploy.0 = Release|Any CPU
		{4A201683-DBC5-47D6-895C-C2F327909314}.Release|x86.ActiveCfg = Release|Any CPU
		{4A201683-DBC5-47D6-895C-C2F327909314}.Release|x86.Build.0 = Release|Any CPU
		{4A201683-DBC5-47D6-895C-C2F327909314}.Release|x86.Deploy.0 = Release|Any CPU
		{B99A9D16-7502-45AE-8285-BD2C87EDF467}.Ad-Hoc|Any CPU.ActiveCfg = Ad-Hoc|iPhone
		{B99A9D16-7502-45AE-8285-BD2C87EDF467}.Ad-Hoc|ARM.ActiveCfg = Ad-Hoc|iPhone
		{B99A9D16-7502-45AE-8285-BD2C87EDF467}.Ad-Hoc|iPhone.ActiveCfg = Ad-Hoc|iPhone
		{B99A9D16-7502-45AE-8285-BD2C87EDF467}.Ad-Hoc|iPhone.Build.0 = Ad-Hoc|iPhone
		{B99A9D16-7502-45AE-8285-BD2C87EDF467}.Ad-Hoc|iPhoneSimulator.ActiveCfg = Ad-Hoc|iPhoneSimulator
		{B99A9D16-7502-45AE-8285-BD2C87EDF467}.Ad-Hoc|iPhoneSimulator.Build.0 = Ad-Hoc|iPhoneSimulator
		{B99A9D16-7502-45AE-8285-BD2C87EDF467}.Ad-Hoc|x64.ActiveCfg = Ad-Hoc|iPhone
		{B99A9D16-7502-45AE-8285-BD2C87EDF467}.Ad-Hoc|x86.ActiveCfg = Ad-Hoc|iPhone
		{B99A9D16-7502-45AE-8285-BD2C87EDF467}.AppStore|Any CPU.ActiveCfg = AppStore|iPhone
		{B99A9D16-7502-45AE-8285-BD2C87EDF467}.AppStore|ARM.ActiveCfg = AppStore|iPhone
		{B99A9D16-7502-45AE-8285-BD2C87EDF467}.AppStore|iPhone.ActiveCfg = AppStore|iPhone
		{B99A9D16-7502-45AE-8285-BD2C87EDF467}.AppStore|iPhone.Build.0 = AppStore|iPhone
		{B99A9D16-7502-45AE-8285-BD2C87EDF467}.AppStore|iPhoneSimulator.ActiveCfg = AppStore|iPhoneSimulator
		{B99A9D16-7502-45AE-8285-BD2C87EDF467}.AppStore|iPhoneSimulator.Build.0 = AppStore|iPhoneSimulator
		{B99A9D16-7502-45AE-8285-BD2C87EDF467}.AppStore|x64.ActiveCfg = AppStore|iPhone
		{B99A9D16-7502-45AE-8285-BD2C87EDF467}.AppStore|x86.ActiveCfg = AppStore|iPhone
		{B99A9D16-7502-45AE-8285-BD2C87EDF467}.Debug|Any CPU.ActiveCfg = Debug|iPhone
		{B99A9D16-7502-45AE-8285-BD2C87EDF467}.Debug|ARM.ActiveCfg = Debug|iPhone
		{B99A9D16-7502-45AE-8285-BD2C87EDF467}.Debug|iPhone.ActiveCfg = Debug|iPhone
		{B99A9D16-7502-45AE-8285-BD2C87EDF467}.Debug|iPhone.Build.0 = Debug|iPhone
		{B99A9D16-7502-45AE-8285-BD2C87EDF467}.Debug|iPhoneSimulator.ActiveCfg = Debug|iPhoneSimulator
		{B99A9D16-7502-45AE-8285-BD2C87EDF467}.Debug|iPhoneSimulator.Build.0 = Debug|iPhoneSimulator
		{B99A9D16-7502-45AE-8285-BD2C87EDF467}.Debug|x64.ActiveCfg = Debug|iPhone
		{B99A9D16-7502-45AE-8285-BD2C87EDF467}.Debug|x86.ActiveCfg = Debug|iPhone
		{B99A9D16-7502-45AE-8285-BD2C87EDF467}.Release|Any CPU.ActiveCfg = Release|iPhone
		{B99A9D16-7502-45AE-8285-BD2C87EDF467}.Release|ARM.ActiveCfg = Release|iPhone
		{B99A9D16-7502-45AE-8285-BD2C87EDF467}.Release|iPhone.ActiveCfg = Release|iPhone
		{B99A9D16-7502-45AE-8285-BD2C87EDF467}.Release|iPhone.Build.0 = Release|iPhone
		{B99A9D16-7502-45AE-8285-BD2C87EDF467}.Release|iPhoneSimulator.ActiveCfg = Release|iPhoneSimulator
		{B99A9D16-7502-45AE-8285-BD2C87EDF467}.Release|iPhoneSimulator.Build.0 = Release|iPhoneSimulator
		{B99A9D16-7502-45AE-8285-BD2C87EDF467}.Release|x64.ActiveCfg = Release|iPhone
		{B99A9D16-7502-45AE-8285-BD2C87EDF467}.Release|x86.ActiveCfg = Release|iPhone
		{3D45B6BF-53EC-4BE9-955C-26763E5AF566}.Ad-Hoc|Any CPU.ActiveCfg = Release|Any CPU
		{3D45B6BF-53EC-4BE9-955C-26763E5AF566}.Ad-Hoc|Any CPU.Build.0 = Release|Any CPU
		{3D45B6BF-53EC-4BE9-955C-26763E5AF566}.Ad-Hoc|Any CPU.Deploy.0 = Release|Any CPU
		{3D45B6BF-53EC-4BE9-955C-26763E5AF566}.Ad-Hoc|ARM.ActiveCfg = Release|ARM
		{3D45B6BF-53EC-4BE9-955C-26763E5AF566}.Ad-Hoc|ARM.Build.0 = Release|ARM
		{3D45B6BF-53EC-4BE9-955C-26763E5AF566}.Ad-Hoc|ARM.Deploy.0 = Release|ARM
		{3D45B6BF-53EC-4BE9-955C-26763E5AF566}.Ad-Hoc|iPhone.ActiveCfg = Release|Any CPU
		{3D45B6BF-53EC-4BE9-955C-26763E5AF566}.Ad-Hoc|iPhone.Build.0 = Release|Any CPU
		{3D45B6BF-53EC-4BE9-955C-26763E5AF566}.Ad-Hoc|iPhone.Deploy.0 = Release|Any CPU
		{3D45B6BF-53EC-4BE9-955C-26763E5AF566}.Ad-Hoc|iPhoneSimulator.ActiveCfg = Release|Any CPU
		{3D45B6BF-53EC-4BE9-955C-26763E5AF566}.Ad-Hoc|iPhoneSimulator.Build.0 = Release|Any CPU
		{3D45B6BF-53EC-4BE9-955C-26763E5AF566}.Ad-Hoc|iPhoneSimulator.Deploy.0 = Release|Any CPU
		{3D45B6BF-53EC-4BE9-955C-26763E5AF566}.Ad-Hoc|x64.ActiveCfg = Release|Any CPU
		{3D45B6BF-53EC-4BE9-955C-26763E5AF566}.Ad-Hoc|x64.Build.0 = Release|Any CPU
		{3D45B6BF-53EC-4BE9-955C-26763E5AF566}.Ad-Hoc|x64.Deploy.0 = Release|Any CPU
		{3D45B6BF-53EC-4BE9-955C-26763E5AF566}.Ad-Hoc|x86.ActiveCfg = Release|x86
		{3D45B6BF-53EC-4BE9-955C-26763E5AF566}.Ad-Hoc|x86.Build.0 = Release|x86
		{3D45B6BF-53EC-4BE9-955C-26763E5AF566}.Ad-Hoc|x86.Deploy.0 = Release|x86
		{3D45B6BF-53EC-4BE9-955C-26763E5AF566}.AppStore|Any CPU.ActiveCfg = Release|Any CPU
		{3D45B6BF-53EC-4BE9-955C-26763E5AF566}.AppStore|Any CPU.Build.0 = Release|Any CPU
		{3D45B6BF-53EC-4BE9-955C-26763E5AF566}.AppStore|Any CPU.Deploy.0 = Release|Any CPU
		{3D45B6BF-53EC-4BE9-955C-26763E5AF566}.AppStore|ARM.ActiveCfg = Release|ARM
		{3D45B6BF-53EC-4BE9-955C-26763E5AF566}.AppStore|ARM.Build.0 = Release|ARM
		{3D45B6BF-53EC-4BE9-955C-26763E5AF566}.AppStore|ARM.Deploy.0 = Release|ARM
		{3D45B6BF-53EC-4BE9-955C-26763E5AF566}.AppStore|iPhone.ActiveCfg = Release|Any CPU
		{3D45B6BF-53EC-4BE9-955C-26763E5AF566}.AppStore|iPhone.Build.0 = Release|Any CPU
		{3D45B6BF-53EC-4BE9-955C-26763E5AF566}.AppStore|iPhone.Deploy.0 = Release|Any CPU
		{3D45B6BF-53EC-4BE9-955C-26763E5AF566}.AppStore|iPhoneSimulator.ActiveCfg = Release|Any CPU
		{3D45B6BF-53EC-4BE9-955C-26763E5AF566}.AppStore|iPhoneSimulator.Build.0 = Release|Any CPU
		{3D45B6BF-53EC-4BE9-955C-26763E5AF566}.AppStore|iPhoneSimulator.Deploy.0 = Release|Any CPU
		{3D45B6BF-53EC-4BE9-955C-26763E5AF566}.AppStore|x64.ActiveCfg = Release|Any CPU
		{3D45B6BF-53EC-4BE9-955C-26763E5AF566}.AppStore|x64.Build.0 = Release|Any CPU
		{3D45B6BF-53EC-4BE9-955C-26763E5AF566}.AppStore|x64.Deploy.0 = Release|Any CPU
		{3D45B6BF-53EC-4BE9-955C-26763E5AF566}.AppStore|x86.ActiveCfg = Release|x86
		{3D45B6BF-53EC-4BE9-955C-26763E5AF566}.AppStore|x86.Build.0 = Release|x86
		{3D45B6BF-53EC-4BE9-955C-26763E5AF566}.AppStore|x86.Deploy.0 = Release|x86
		{3D45B6BF-53EC-4BE9-955C-26763E5AF566}.Debug|Any CPU.ActiveCfg = Debug|Any CPU
		{3D45B6BF-53EC-4BE9-955C-26763E5AF566}.Debug|Any CPU.Build.0 = Debug|Any CPU
		{3D45B6BF-53EC-4BE9-955C-26763E5AF566}.Debug|Any CPU.Deploy.0 = Debug|Any CPU
		{3D45B6BF-53EC-4BE9-955C-26763E5AF566}.Debug|ARM.ActiveCfg = Debug|ARM
		{3D45B6BF-53EC-4BE9-955C-26763E5AF566}.Debug|ARM.Build.0 = Debug|ARM
		{3D45B6BF-53EC-4BE9-955C-26763E5AF566}.Debug|ARM.Deploy.0 = Debug|ARM
		{3D45B6BF-53EC-4BE9-955C-26763E5AF566}.Debug|iPhone.ActiveCfg = Debug|Any CPU
		{3D45B6BF-53EC-4BE9-955C-26763E5AF566}.Debug|iPhone.Build.0 = Debug|Any CPU
		{3D45B6BF-53EC-4BE9-955C-26763E5AF566}.Debug|iPhone.Deploy.0 = Debug|Any CPU
		{3D45B6BF-53EC-4BE9-955C-26763E5AF566}.Debug|iPhoneSimulator.ActiveCfg = Debug|Any CPU
		{3D45B6BF-53EC-4BE9-955C-26763E5AF566}.Debug|iPhoneSimulator.Build.0 = Debug|Any CPU
		{3D45B6BF-53EC-4BE9-955C-26763E5AF566}.Debug|iPhoneSimulator.Deploy.0 = Debug|Any CPU
		{3D45B6BF-53EC-4BE9-955C-26763E5AF566}.Debug|x64.ActiveCfg = Debug|Any CPU
		{3D45B6BF-53EC-4BE9-955C-26763E5AF566}.Debug|x64.Build.0 = Debug|Any CPU
		{3D45B6BF-53EC-4BE9-955C-26763E5AF566}.Debug|x64.Deploy.0 = Debug|Any CPU
		{3D45B6BF-53EC-4BE9-955C-26763E5AF566}.Debug|x86.ActiveCfg = Debug|x86
		{3D45B6BF-53EC-4BE9-955C-26763E5AF566}.Debug|x86.Build.0 = Debug|x86
		{3D45B6BF-53EC-4BE9-955C-26763E5AF566}.Debug|x86.Deploy.0 = Debug|x86
		{3D45B6BF-53EC-4BE9-955C-26763E5AF566}.Release|Any CPU.ActiveCfg = Release|Any CPU
		{3D45B6BF-53EC-4BE9-955C-26763E5AF566}.Release|Any CPU.Build.0 = Release|Any CPU
		{3D45B6BF-53EC-4BE9-955C-26763E5AF566}.Release|Any CPU.Deploy.0 = Release|Any CPU
		{3D45B6BF-53EC-4BE9-955C-26763E5AF566}.Release|ARM.ActiveCfg = Release|ARM
		{3D45B6BF-53EC-4BE9-955C-26763E5AF566}.Release|ARM.Build.0 = Release|ARM
		{3D45B6BF-53EC-4BE9-955C-26763E5AF566}.Release|ARM.Deploy.0 = Release|ARM
		{3D45B6BF-53EC-4BE9-955C-26763E5AF566}.Release|iPhone.ActiveCfg = Release|Any CPU
		{3D45B6BF-53EC-4BE9-955C-26763E5AF566}.Release|iPhone.Build.0 = Release|Any CPU
		{3D45B6BF-53EC-4BE9-955C-26763E5AF566}.Release|iPhone.Deploy.0 = Release|Any CPU
		{3D45B6BF-53EC-4BE9-955C-26763E5AF566}.Release|iPhoneSimulator.ActiveCfg = Release|Any CPU
		{3D45B6BF-53EC-4BE9-955C-26763E5AF566}.Release|iPhoneSimulator.Build.0 = Release|Any CPU
		{3D45B6BF-53EC-4BE9-955C-26763E5AF566}.Release|iPhoneSimulator.Deploy.0 = Release|Any CPU
		{3D45B6BF-53EC-4BE9-955C-26763E5AF566}.Release|x64.ActiveCfg = Release|Any CPU
		{3D45B6BF-53EC-4BE9-955C-26763E5AF566}.Release|x64.Build.0 = Release|Any CPU
		{3D45B6BF-53EC-4BE9-955C-26763E5AF566}.Release|x64.Deploy.0 = Release|Any CPU
		{3D45B6BF-53EC-4BE9-955C-26763E5AF566}.Release|x86.ActiveCfg = Release|x86
		{3D45B6BF-53EC-4BE9-955C-26763E5AF566}.Release|x86.Build.0 = Release|x86
		{3D45B6BF-53EC-4BE9-955C-26763E5AF566}.Release|x86.Deploy.0 = Release|x86
		{FA5D0E83-C2DE-4E68-94A9-CFF9BD2123AB}.Ad-Hoc|Any CPU.ActiveCfg = Release|x86
		{FA5D0E83-C2DE-4E68-94A9-CFF9BD2123AB}.Ad-Hoc|Any CPU.Build.0 = Release|x86
		{FA5D0E83-C2DE-4E68-94A9-CFF9BD2123AB}.Ad-Hoc|Any CPU.Deploy.0 = Release|x86
		{FA5D0E83-C2DE-4E68-94A9-CFF9BD2123AB}.Ad-Hoc|ARM.ActiveCfg = Release|ARM
		{FA5D0E83-C2DE-4E68-94A9-CFF9BD2123AB}.Ad-Hoc|ARM.Build.0 = Release|ARM
		{FA5D0E83-C2DE-4E68-94A9-CFF9BD2123AB}.Ad-Hoc|ARM.Deploy.0 = Release|ARM
		{FA5D0E83-C2DE-4E68-94A9-CFF9BD2123AB}.Ad-Hoc|iPhone.ActiveCfg = Release|x86
		{FA5D0E83-C2DE-4E68-94A9-CFF9BD2123AB}.Ad-Hoc|iPhone.Build.0 = Release|x86
		{FA5D0E83-C2DE-4E68-94A9-CFF9BD2123AB}.Ad-Hoc|iPhone.Deploy.0 = Release|x86
		{FA5D0E83-C2DE-4E68-94A9-CFF9BD2123AB}.Ad-Hoc|iPhoneSimulator.ActiveCfg = Release|x86
		{FA5D0E83-C2DE-4E68-94A9-CFF9BD2123AB}.Ad-Hoc|iPhoneSimulator.Build.0 = Release|x86
		{FA5D0E83-C2DE-4E68-94A9-CFF9BD2123AB}.Ad-Hoc|iPhoneSimulator.Deploy.0 = Release|x86
		{FA5D0E83-C2DE-4E68-94A9-CFF9BD2123AB}.Ad-Hoc|x64.ActiveCfg = Release|x64
		{FA5D0E83-C2DE-4E68-94A9-CFF9BD2123AB}.Ad-Hoc|x64.Build.0 = Release|x64
		{FA5D0E83-C2DE-4E68-94A9-CFF9BD2123AB}.Ad-Hoc|x64.Deploy.0 = Release|x64
		{FA5D0E83-C2DE-4E68-94A9-CFF9BD2123AB}.Ad-Hoc|x86.ActiveCfg = Release|x86
		{FA5D0E83-C2DE-4E68-94A9-CFF9BD2123AB}.Ad-Hoc|x86.Build.0 = Release|x86
		{FA5D0E83-C2DE-4E68-94A9-CFF9BD2123AB}.Ad-Hoc|x86.Deploy.0 = Release|x86
		{FA5D0E83-C2DE-4E68-94A9-CFF9BD2123AB}.AppStore|Any CPU.ActiveCfg = Release|x86
		{FA5D0E83-C2DE-4E68-94A9-CFF9BD2123AB}.AppStore|Any CPU.Build.0 = Release|x86
		{FA5D0E83-C2DE-4E68-94A9-CFF9BD2123AB}.AppStore|Any CPU.Deploy.0 = Release|x86
		{FA5D0E83-C2DE-4E68-94A9-CFF9BD2123AB}.AppStore|ARM.ActiveCfg = Release|ARM
		{FA5D0E83-C2DE-4E68-94A9-CFF9BD2123AB}.AppStore|ARM.Build.0 = Release|ARM
		{FA5D0E83-C2DE-4E68-94A9-CFF9BD2123AB}.AppStore|ARM.Deploy.0 = Release|ARM
		{FA5D0E83-C2DE-4E68-94A9-CFF9BD2123AB}.AppStore|iPhone.ActiveCfg = Release|x86
		{FA5D0E83-C2DE-4E68-94A9-CFF9BD2123AB}.AppStore|iPhone.Build.0 = Release|x86
		{FA5D0E83-C2DE-4E68-94A9-CFF9BD2123AB}.AppStore|iPhone.Deploy.0 = Release|x86
		{FA5D0E83-C2DE-4E68-94A9-CFF9BD2123AB}.AppStore|iPhoneSimulator.ActiveCfg = Release|x86
		{FA5D0E83-C2DE-4E68-94A9-CFF9BD2123AB}.AppStore|iPhoneSimulator.Build.0 = Release|x86
		{FA5D0E83-C2DE-4E68-94A9-CFF9BD2123AB}.AppStore|iPhoneSimulator.Deploy.0 = Release|x86
		{FA5D0E83-C2DE-4E68-94A9-CFF9BD2123AB}.AppStore|x64.ActiveCfg = Release|x64
		{FA5D0E83-C2DE-4E68-94A9-CFF9BD2123AB}.AppStore|x64.Build.0 = Release|x64
		{FA5D0E83-C2DE-4E68-94A9-CFF9BD2123AB}.AppStore|x64.Deploy.0 = Release|x64
		{FA5D0E83-C2DE-4E68-94A9-CFF9BD2123AB}.AppStore|x86.ActiveCfg = Release|x86
		{FA5D0E83-C2DE-4E68-94A9-CFF9BD2123AB}.AppStore|x86.Build.0 = Release|x86
		{FA5D0E83-C2DE-4E68-94A9-CFF9BD2123AB}.AppStore|x86.Deploy.0 = Release|x86
		{FA5D0E83-C2DE-4E68-94A9-CFF9BD2123AB}.Debug|Any CPU.ActiveCfg = Debug|x86
		{FA5D0E83-C2DE-4E68-94A9-CFF9BD2123AB}.Debug|ARM.ActiveCfg = Debug|ARM
		{FA5D0E83-C2DE-4E68-94A9-CFF9BD2123AB}.Debug|ARM.Build.0 = Debug|ARM
		{FA5D0E83-C2DE-4E68-94A9-CFF9BD2123AB}.Debug|ARM.Deploy.0 = Debug|ARM
		{FA5D0E83-C2DE-4E68-94A9-CFF9BD2123AB}.Debug|iPhone.ActiveCfg = Debug|x86
		{FA5D0E83-C2DE-4E68-94A9-CFF9BD2123AB}.Debug|iPhoneSimulator.ActiveCfg = Debug|x86
		{FA5D0E83-C2DE-4E68-94A9-CFF9BD2123AB}.Debug|x64.ActiveCfg = Debug|x64
		{FA5D0E83-C2DE-4E68-94A9-CFF9BD2123AB}.Debug|x64.Build.0 = Debug|x64
		{FA5D0E83-C2DE-4E68-94A9-CFF9BD2123AB}.Debug|x64.Deploy.0 = Debug|x64
		{FA5D0E83-C2DE-4E68-94A9-CFF9BD2123AB}.Debug|x86.ActiveCfg = Debug|x86
		{FA5D0E83-C2DE-4E68-94A9-CFF9BD2123AB}.Debug|x86.Build.0 = Debug|x86
		{FA5D0E83-C2DE-4E68-94A9-CFF9BD2123AB}.Debug|x86.Deploy.0 = Debug|x86
		{FA5D0E83-C2DE-4E68-94A9-CFF9BD2123AB}.Release|Any CPU.ActiveCfg = Release|x86
		{FA5D0E83-C2DE-4E68-94A9-CFF9BD2123AB}.Release|ARM.ActiveCfg = Release|ARM
		{FA5D0E83-C2DE-4E68-94A9-CFF9BD2123AB}.Release|ARM.Build.0 = Release|ARM
		{FA5D0E83-C2DE-4E68-94A9-CFF9BD2123AB}.Release|ARM.Deploy.0 = Release|ARM
		{FA5D0E83-C2DE-4E68-94A9-CFF9BD2123AB}.Release|iPhone.ActiveCfg = Release|x86
		{FA5D0E83-C2DE-4E68-94A9-CFF9BD2123AB}.Release|iPhoneSimulator.ActiveCfg = Release|x86
		{FA5D0E83-C2DE-4E68-94A9-CFF9BD2123AB}.Release|x64.ActiveCfg = Release|x64
		{FA5D0E83-C2DE-4E68-94A9-CFF9BD2123AB}.Release|x64.Build.0 = Release|x64
		{FA5D0E83-C2DE-4E68-94A9-CFF9BD2123AB}.Release|x64.Deploy.0 = Release|x64
		{FA5D0E83-C2DE-4E68-94A9-CFF9BD2123AB}.Release|x86.ActiveCfg = Release|x86
		{FA5D0E83-C2DE-4E68-94A9-CFF9BD2123AB}.Release|x86.Build.0 = Release|x86
		{FA5D0E83-C2DE-4E68-94A9-CFF9BD2123AB}.Release|x86.Deploy.0 = Release|x86
		{163E54C9-CA16-4854-ACF4-447CC631A550}.Ad-Hoc|Any CPU.ActiveCfg = Release|Any CPU
		{163E54C9-CA16-4854-ACF4-447CC631A550}.Ad-Hoc|Any CPU.Build.0 = Release|Any CPU
		{163E54C9-CA16-4854-ACF4-447CC631A550}.Ad-Hoc|Any CPU.Deploy.0 = Release|Any CPU
		{163E54C9-CA16-4854-ACF4-447CC631A550}.Ad-Hoc|ARM.ActiveCfg = Release|ARM
		{163E54C9-CA16-4854-ACF4-447CC631A550}.Ad-Hoc|ARM.Build.0 = Release|ARM
		{163E54C9-CA16-4854-ACF4-447CC631A550}.Ad-Hoc|ARM.Deploy.0 = Release|ARM
		{163E54C9-CA16-4854-ACF4-447CC631A550}.Ad-Hoc|iPhone.ActiveCfg = Release|Any CPU
		{163E54C9-CA16-4854-ACF4-447CC631A550}.Ad-Hoc|iPhone.Build.0 = Release|Any CPU
		{163E54C9-CA16-4854-ACF4-447CC631A550}.Ad-Hoc|iPhone.Deploy.0 = Release|Any CPU
		{163E54C9-CA16-4854-ACF4-447CC631A550}.Ad-Hoc|iPhoneSimulator.ActiveCfg = Release|Any CPU
		{163E54C9-CA16-4854-ACF4-447CC631A550}.Ad-Hoc|iPhoneSimulator.Build.0 = Release|Any CPU
		{163E54C9-CA16-4854-ACF4-447CC631A550}.Ad-Hoc|iPhoneSimulator.Deploy.0 = Release|Any CPU
		{163E54C9-CA16-4854-ACF4-447CC631A550}.Ad-Hoc|x64.ActiveCfg = Release|x64
		{163E54C9-CA16-4854-ACF4-447CC631A550}.Ad-Hoc|x64.Build.0 = Release|x64
		{163E54C9-CA16-4854-ACF4-447CC631A550}.Ad-Hoc|x64.Deploy.0 = Release|x64
		{163E54C9-CA16-4854-ACF4-447CC631A550}.Ad-Hoc|x86.ActiveCfg = Release|x86
		{163E54C9-CA16-4854-ACF4-447CC631A550}.Ad-Hoc|x86.Build.0 = Release|x86
		{163E54C9-CA16-4854-ACF4-447CC631A550}.Ad-Hoc|x86.Deploy.0 = Release|x86
		{163E54C9-CA16-4854-ACF4-447CC631A550}.AppStore|Any CPU.ActiveCfg = Release|Any CPU
		{163E54C9-CA16-4854-ACF4-447CC631A550}.AppStore|Any CPU.Build.0 = Release|Any CPU
		{163E54C9-CA16-4854-ACF4-447CC631A550}.AppStore|Any CPU.Deploy.0 = Release|Any CPU
		{163E54C9-CA16-4854-ACF4-447CC631A550}.AppStore|ARM.ActiveCfg = Release|ARM
		{163E54C9-CA16-4854-ACF4-447CC631A550}.AppStore|ARM.Build.0 = Release|ARM
		{163E54C9-CA16-4854-ACF4-447CC631A550}.AppStore|ARM.Deploy.0 = Release|ARM
		{163E54C9-CA16-4854-ACF4-447CC631A550}.AppStore|iPhone.ActiveCfg = Release|Any CPU
		{163E54C9-CA16-4854-ACF4-447CC631A550}.AppStore|iPhone.Build.0 = Release|Any CPU
		{163E54C9-CA16-4854-ACF4-447CC631A550}.AppStore|iPhone.Deploy.0 = Release|Any CPU
		{163E54C9-CA16-4854-ACF4-447CC631A550}.AppStore|iPhoneSimulator.ActiveCfg = Release|Any CPU
		{163E54C9-CA16-4854-ACF4-447CC631A550}.AppStore|iPhoneSimulator.Build.0 = Release|Any CPU
		{163E54C9-CA16-4854-ACF4-447CC631A550}.AppStore|iPhoneSimulator.Deploy.0 = Release|Any CPU
		{163E54C9-CA16-4854-ACF4-447CC631A550}.AppStore|x64.ActiveCfg = Release|x64
		{163E54C9-CA16-4854-ACF4-447CC631A550}.AppStore|x64.Build.0 = Release|x64
		{163E54C9-CA16-4854-ACF4-447CC631A550}.AppStore|x64.Deploy.0 = Release|x64
		{163E54C9-CA16-4854-ACF4-447CC631A550}.AppStore|x86.ActiveCfg = Release|x86
		{163E54C9-CA16-4854-ACF4-447CC631A550}.AppStore|x86.Build.0 = Release|x86
		{163E54C9-CA16-4854-ACF4-447CC631A550}.AppStore|x86.Deploy.0 = Release|x86
		{163E54C9-CA16-4854-ACF4-447CC631A550}.Debug|Any CPU.ActiveCfg = Debug|Any CPU
		{163E54C9-CA16-4854-ACF4-447CC631A550}.Debug|Any CPU.Build.0 = Debug|Any CPU
		{163E54C9-CA16-4854-ACF4-447CC631A550}.Debug|Any CPU.Deploy.0 = Debug|Any CPU
		{163E54C9-CA16-4854-ACF4-447CC631A550}.Debug|ARM.ActiveCfg = Debug|ARM
		{163E54C9-CA16-4854-ACF4-447CC631A550}.Debug|ARM.Build.0 = Debug|ARM
		{163E54C9-CA16-4854-ACF4-447CC631A550}.Debug|ARM.Deploy.0 = Debug|ARM
		{163E54C9-CA16-4854-ACF4-447CC631A550}.Debug|iPhone.ActiveCfg = Debug|Any CPU
		{163E54C9-CA16-4854-ACF4-447CC631A550}.Debug|iPhone.Build.0 = Debug|Any CPU
		{163E54C9-CA16-4854-ACF4-447CC631A550}.Debug|iPhone.Deploy.0 = Debug|Any CPU
		{163E54C9-CA16-4854-ACF4-447CC631A550}.Debug|iPhoneSimulator.ActiveCfg = Debug|Any CPU
		{163E54C9-CA16-4854-ACF4-447CC631A550}.Debug|iPhoneSimulator.Build.0 = Debug|Any CPU
		{163E54C9-CA16-4854-ACF4-447CC631A550}.Debug|iPhoneSimulator.Deploy.0 = Debug|Any CPU
		{163E54C9-CA16-4854-ACF4-447CC631A550}.Debug|x64.ActiveCfg = Debug|x64
		{163E54C9-CA16-4854-ACF4-447CC631A550}.Debug|x64.Build.0 = Debug|x64
		{163E54C9-CA16-4854-ACF4-447CC631A550}.Debug|x64.Deploy.0 = Debug|x64
		{163E54C9-CA16-4854-ACF4-447CC631A550}.Debug|x86.ActiveCfg = Debug|x86
		{163E54C9-CA16-4854-ACF4-447CC631A550}.Debug|x86.Build.0 = Debug|x86
		{163E54C9-CA16-4854-ACF4-447CC631A550}.Debug|x86.Deploy.0 = Debug|x86
		{163E54C9-CA16-4854-ACF4-447CC631A550}.Release|Any CPU.ActiveCfg = Release|Any CPU
		{163E54C9-CA16-4854-ACF4-447CC631A550}.Release|Any CPU.Build.0 = Release|Any CPU
		{163E54C9-CA16-4854-ACF4-447CC631A550}.Release|Any CPU.Deploy.0 = Release|Any CPU
		{163E54C9-CA16-4854-ACF4-447CC631A550}.Release|ARM.ActiveCfg = Release|ARM
		{163E54C9-CA16-4854-ACF4-447CC631A550}.Release|ARM.Build.0 = Release|ARM
		{163E54C9-CA16-4854-ACF4-447CC631A550}.Release|ARM.Deploy.0 = Release|ARM
		{163E54C9-CA16-4854-ACF4-447CC631A550}.Release|iPhone.ActiveCfg = Release|Any CPU
		{163E54C9-CA16-4854-ACF4-447CC631A550}.Release|iPhone.Build.0 = Release|Any CPU
		{163E54C9-CA16-4854-ACF4-447CC631A550}.Release|iPhone.Deploy.0 = Release|Any CPU
		{163E54C9-CA16-4854-ACF4-447CC631A550}.Release|iPhoneSimulator.ActiveCfg = Release|Any CPU
		{163E54C9-CA16-4854-ACF4-447CC631A550}.Release|iPhoneSimulator.Build.0 = Release|Any CPU
		{163E54C9-CA16-4854-ACF4-447CC631A550}.Release|iPhoneSimulator.Deploy.0 = Release|Any CPU
		{163E54C9-CA16-4854-ACF4-447CC631A550}.Release|x64.ActiveCfg = Release|x64
		{163E54C9-CA16-4854-ACF4-447CC631A550}.Release|x64.Build.0 = Release|x64
		{163E54C9-CA16-4854-ACF4-447CC631A550}.Release|x64.Deploy.0 = Release|x64
		{163E54C9-CA16-4854-ACF4-447CC631A550}.Release|x86.ActiveCfg = Release|x86
		{163E54C9-CA16-4854-ACF4-447CC631A550}.Release|x86.Build.0 = Release|x86
		{163E54C9-CA16-4854-ACF4-447CC631A550}.Release|x86.Deploy.0 = Release|x86
		{E20B9FA0-D846-47A9-9ECE-FF6D426104BF}.Ad-Hoc|Any CPU.ActiveCfg = Release|Any CPU
		{E20B9FA0-D846-47A9-9ECE-FF6D426104BF}.Ad-Hoc|Any CPU.Build.0 = Release|Any CPU
		{E20B9FA0-D846-47A9-9ECE-FF6D426104BF}.Ad-Hoc|ARM.ActiveCfg = Release|Any CPU
		{E20B9FA0-D846-47A9-9ECE-FF6D426104BF}.Ad-Hoc|ARM.Build.0 = Release|Any CPU
		{E20B9FA0-D846-47A9-9ECE-FF6D426104BF}.Ad-Hoc|iPhone.ActiveCfg = Release|Any CPU
		{E20B9FA0-D846-47A9-9ECE-FF6D426104BF}.Ad-Hoc|iPhone.Build.0 = Release|Any CPU
		{E20B9FA0-D846-47A9-9ECE-FF6D426104BF}.Ad-Hoc|iPhoneSimulator.ActiveCfg = Release|Any CPU
		{E20B9FA0-D846-47A9-9ECE-FF6D426104BF}.Ad-Hoc|iPhoneSimulator.Build.0 = Release|Any CPU
		{E20B9FA0-D846-47A9-9ECE-FF6D426104BF}.Ad-Hoc|x64.ActiveCfg = Release|Any CPU
		{E20B9FA0-D846-47A9-9ECE-FF6D426104BF}.Ad-Hoc|x64.Build.0 = Release|Any CPU
		{E20B9FA0-D846-47A9-9ECE-FF6D426104BF}.Ad-Hoc|x86.ActiveCfg = Release|Any CPU
		{E20B9FA0-D846-47A9-9ECE-FF6D426104BF}.Ad-Hoc|x86.Build.0 = Release|Any CPU
		{E20B9FA0-D846-47A9-9ECE-FF6D426104BF}.AppStore|Any CPU.ActiveCfg = Release|Any CPU
		{E20B9FA0-D846-47A9-9ECE-FF6D426104BF}.AppStore|Any CPU.Build.0 = Release|Any CPU
		{E20B9FA0-D846-47A9-9ECE-FF6D426104BF}.AppStore|ARM.ActiveCfg = Release|Any CPU
		{E20B9FA0-D846-47A9-9ECE-FF6D426104BF}.AppStore|ARM.Build.0 = Release|Any CPU
		{E20B9FA0-D846-47A9-9ECE-FF6D426104BF}.AppStore|iPhone.ActiveCfg = Release|Any CPU
		{E20B9FA0-D846-47A9-9ECE-FF6D426104BF}.AppStore|iPhone.Build.0 = Release|Any CPU
		{E20B9FA0-D846-47A9-9ECE-FF6D426104BF}.AppStore|iPhoneSimulator.ActiveCfg = Release|Any CPU
		{E20B9FA0-D846-47A9-9ECE-FF6D426104BF}.AppStore|iPhoneSimulator.Build.0 = Release|Any CPU
		{E20B9FA0-D846-47A9-9ECE-FF6D426104BF}.AppStore|x64.ActiveCfg = Release|Any CPU
		{E20B9FA0-D846-47A9-9ECE-FF6D426104BF}.AppStore|x64.Build.0 = Release|Any CPU
		{E20B9FA0-D846-47A9-9ECE-FF6D426104BF}.AppStore|x86.ActiveCfg = Release|Any CPU
		{E20B9FA0-D846-47A9-9ECE-FF6D426104BF}.AppStore|x86.Build.0 = Release|Any CPU
		{E20B9FA0-D846-47A9-9ECE-FF6D426104BF}.Debug|Any CPU.ActiveCfg = Debug|Any CPU
		{E20B9FA0-D846-47A9-9ECE-FF6D426104BF}.Debug|Any CPU.Build.0 = Debug|Any CPU
		{E20B9FA0-D846-47A9-9ECE-FF6D426104BF}.Debug|ARM.ActiveCfg = Debug|Any CPU
		{E20B9FA0-D846-47A9-9ECE-FF6D426104BF}.Debug|ARM.Build.0 = Debug|Any CPU
		{E20B9FA0-D846-47A9-9ECE-FF6D426104BF}.Debug|iPhone.ActiveCfg = Debug|Any CPU
		{E20B9FA0-D846-47A9-9ECE-FF6D426104BF}.Debug|iPhone.Build.0 = Debug|Any CPU
		{E20B9FA0-D846-47A9-9ECE-FF6D426104BF}.Debug|iPhoneSimulator.ActiveCfg = Debug|Any CPU
		{E20B9FA0-D846-47A9-9ECE-FF6D426104BF}.Debug|iPhoneSimulator.Build.0 = Debug|Any CPU
		{E20B9FA0-D846-47A9-9ECE-FF6D426104BF}.Debug|x64.ActiveCfg = Debug|Any CPU
		{E20B9FA0-D846-47A9-9ECE-FF6D426104BF}.Debug|x64.Build.0 = Debug|Any CPU
		{E20B9FA0-D846-47A9-9ECE-FF6D426104BF}.Debug|x86.ActiveCfg = Debug|Any CPU
		{E20B9FA0-D846-47A9-9ECE-FF6D426104BF}.Debug|x86.Build.0 = Debug|Any CPU
		{E20B9FA0-D846-47A9-9ECE-FF6D426104BF}.Release|Any CPU.ActiveCfg = Release|Any CPU
		{E20B9FA0-D846-47A9-9ECE-FF6D426104BF}.Release|Any CPU.Build.0 = Release|Any CPU
		{E20B9FA0-D846-47A9-9ECE-FF6D426104BF}.Release|ARM.ActiveCfg = Release|Any CPU
		{E20B9FA0-D846-47A9-9ECE-FF6D426104BF}.Release|ARM.Build.0 = Release|Any CPU
		{E20B9FA0-D846-47A9-9ECE-FF6D426104BF}.Release|iPhone.ActiveCfg = Release|Any CPU
		{E20B9FA0-D846-47A9-9ECE-FF6D426104BF}.Release|iPhone.Build.0 = Release|Any CPU
		{E20B9FA0-D846-47A9-9ECE-FF6D426104BF}.Release|iPhoneSimulator.ActiveCfg = Release|Any CPU
		{E20B9FA0-D846-47A9-9ECE-FF6D426104BF}.Release|iPhoneSimulator.Build.0 = Release|Any CPU
		{E20B9FA0-D846-47A9-9ECE-FF6D426104BF}.Release|x64.ActiveCfg = Release|Any CPU
		{E20B9FA0-D846-47A9-9ECE-FF6D426104BF}.Release|x64.Build.0 = Release|Any CPU
		{E20B9FA0-D846-47A9-9ECE-FF6D426104BF}.Release|x86.ActiveCfg = Release|Any CPU
		{E20B9FA0-D846-47A9-9ECE-FF6D426104BF}.Release|x86.Build.0 = Release|Any CPU
		{A3D6D889-986A-4639-B6AD-C42E8EA3F674}.Ad-Hoc|Any CPU.ActiveCfg = Release|Any CPU
		{A3D6D889-986A-4639-B6AD-C42E8EA3F674}.Ad-Hoc|Any CPU.Build.0 = Release|Any CPU
		{A3D6D889-986A-4639-B6AD-C42E8EA3F674}.Ad-Hoc|ARM.ActiveCfg = Release|ARM
		{A3D6D889-986A-4639-B6AD-C42E8EA3F674}.Ad-Hoc|ARM.Build.0 = Release|ARM
		{A3D6D889-986A-4639-B6AD-C42E8EA3F674}.Ad-Hoc|iPhone.ActiveCfg = Release|Any CPU
		{A3D6D889-986A-4639-B6AD-C42E8EA3F674}.Ad-Hoc|iPhone.Build.0 = Release|Any CPU
		{A3D6D889-986A-4639-B6AD-C42E8EA3F674}.Ad-Hoc|iPhoneSimulator.ActiveCfg = Release|Any CPU
		{A3D6D889-986A-4639-B6AD-C42E8EA3F674}.Ad-Hoc|iPhoneSimulator.Build.0 = Release|Any CPU
		{A3D6D889-986A-4639-B6AD-C42E8EA3F674}.Ad-Hoc|x64.ActiveCfg = Release|x64
		{A3D6D889-986A-4639-B6AD-C42E8EA3F674}.Ad-Hoc|x64.Build.0 = Release|x64
		{A3D6D889-986A-4639-B6AD-C42E8EA3F674}.Ad-Hoc|x86.ActiveCfg = Release|x86
		{A3D6D889-986A-4639-B6AD-C42E8EA3F674}.Ad-Hoc|x86.Build.0 = Release|x86
		{A3D6D889-986A-4639-B6AD-C42E8EA3F674}.AppStore|Any CPU.ActiveCfg = Release|Any CPU
		{A3D6D889-986A-4639-B6AD-C42E8EA3F674}.AppStore|Any CPU.Build.0 = Release|Any CPU
		{A3D6D889-986A-4639-B6AD-C42E8EA3F674}.AppStore|ARM.ActiveCfg = Release|ARM
		{A3D6D889-986A-4639-B6AD-C42E8EA3F674}.AppStore|ARM.Build.0 = Release|ARM
		{A3D6D889-986A-4639-B6AD-C42E8EA3F674}.AppStore|iPhone.ActiveCfg = Release|Any CPU
		{A3D6D889-986A-4639-B6AD-C42E8EA3F674}.AppStore|iPhone.Build.0 = Release|Any CPU
		{A3D6D889-986A-4639-B6AD-C42E8EA3F674}.AppStore|iPhoneSimulator.ActiveCfg = Release|Any CPU
		{A3D6D889-986A-4639-B6AD-C42E8EA3F674}.AppStore|iPhoneSimulator.Build.0 = Release|Any CPU
		{A3D6D889-986A-4639-B6AD-C42E8EA3F674}.AppStore|x64.ActiveCfg = Release|x64
		{A3D6D889-986A-4639-B6AD-C42E8EA3F674}.AppStore|x64.Build.0 = Release|x64
		{A3D6D889-986A-4639-B6AD-C42E8EA3F674}.AppStore|x86.ActiveCfg = Release|x86
		{A3D6D889-986A-4639-B6AD-C42E8EA3F674}.AppStore|x86.Build.0 = Release|x86
		{A3D6D889-986A-4639-B6AD-C42E8EA3F674}.Debug|Any CPU.ActiveCfg = Debug|Any CPU
		{A3D6D889-986A-4639-B6AD-C42E8EA3F674}.Debug|Any CPU.Build.0 = Debug|Any CPU
		{A3D6D889-986A-4639-B6AD-C42E8EA3F674}.Debug|ARM.ActiveCfg = Debug|ARM
		{A3D6D889-986A-4639-B6AD-C42E8EA3F674}.Debug|ARM.Build.0 = Debug|ARM
		{A3D6D889-986A-4639-B6AD-C42E8EA3F674}.Debug|iPhone.ActiveCfg = Debug|Any CPU
		{A3D6D889-986A-4639-B6AD-C42E8EA3F674}.Debug|iPhone.Build.0 = Debug|Any CPU
		{A3D6D889-986A-4639-B6AD-C42E8EA3F674}.Debug|iPhoneSimulator.ActiveCfg = Debug|Any CPU
		{A3D6D889-986A-4639-B6AD-C42E8EA3F674}.Debug|iPhoneSimulator.Build.0 = Debug|Any CPU
		{A3D6D889-986A-4639-B6AD-C42E8EA3F674}.Debug|x64.ActiveCfg = Debug|x64
		{A3D6D889-986A-4639-B6AD-C42E8EA3F674}.Debug|x64.Build.0 = Debug|x64
		{A3D6D889-986A-4639-B6AD-C42E8EA3F674}.Debug|x86.ActiveCfg = Debug|x86
		{A3D6D889-986A-4639-B6AD-C42E8EA3F674}.Debug|x86.Build.0 = Debug|x86
		{A3D6D889-986A-4639-B6AD-C42E8EA3F674}.Release|Any CPU.ActiveCfg = Release|Any CPU
		{A3D6D889-986A-4639-B6AD-C42E8EA3F674}.Release|Any CPU.Build.0 = Release|Any CPU
		{A3D6D889-986A-4639-B6AD-C42E8EA3F674}.Release|ARM.ActiveCfg = Release|ARM
		{A3D6D889-986A-4639-B6AD-C42E8EA3F674}.Release|ARM.Build.0 = Release|ARM
		{A3D6D889-986A-4639-B6AD-C42E8EA3F674}.Release|iPhone.ActiveCfg = Release|Any CPU
		{A3D6D889-986A-4639-B6AD-C42E8EA3F674}.Release|iPhone.Build.0 = Release|Any CPU
		{A3D6D889-986A-4639-B6AD-C42E8EA3F674}.Release|iPhoneSimulator.ActiveCfg = Release|Any CPU
		{A3D6D889-986A-4639-B6AD-C42E8EA3F674}.Release|iPhoneSimulator.Build.0 = Release|Any CPU
		{A3D6D889-986A-4639-B6AD-C42E8EA3F674}.Release|x64.ActiveCfg = Release|x64
		{A3D6D889-986A-4639-B6AD-C42E8EA3F674}.Release|x64.Build.0 = Release|x64
		{A3D6D889-986A-4639-B6AD-C42E8EA3F674}.Release|x86.ActiveCfg = Release|x86
		{A3D6D889-986A-4639-B6AD-C42E8EA3F674}.Release|x86.Build.0 = Release|x86
	EndGlobalSection
	GlobalSection(SolutionProperties) = preSolution
		HideSolutionNode = FALSE
	EndGlobalSection
	GlobalSection(NestedProjects) = preSolution
		{4A201683-DBC5-47D6-895C-C2F327909314} = {7D9236BA-96AB-491B-9234-42757EA56EBE}
		{B99A9D16-7502-45AE-8285-BD2C87EDF467} = {7D9236BA-96AB-491B-9234-42757EA56EBE}
		{3D45B6BF-53EC-4BE9-955C-26763E5AF566} = {7D9236BA-96AB-491B-9234-42757EA56EBE}
		{FA5D0E83-C2DE-4E68-94A9-CFF9BD2123AB} = {7D9236BA-96AB-491B-9234-42757EA56EBE}
		{163E54C9-CA16-4854-ACF4-447CC631A550} = {7D9236BA-96AB-491B-9234-42757EA56EBE}
		{E20B9FA0-D846-47A9-9ECE-FF6D426104BF} = {7D9236BA-96AB-491B-9234-42757EA56EBE}
	EndGlobalSection
EndGlobal
