
Microsoft Visual Studio Solution File, Format Version 12.00
# Visual Studio 14
VisualStudioVersion = 14.0.25123.0
MinimumVisualStudioVersion = 10.0.40219.1
Project("{FAE04EC0-301F-11D3-BF4B-00C04F79EFBC}") = "XamForms.Controls.Calendar.Droid", "XamForms.Controls.Calendar.Droid\XamForms.Controls.Calendar.Droid.csproj", "{4F9925E4-91B2-4017-A750-38726100BD44}"
EndProject
Project("{FAE04EC0-301F-11D3-BF4B-00C04F79EFBC}") = "XamForms.Controls.Calendar.iOS", "XamForms.Controls.Calendar.iOS\XamForms.Controls.Calendar.iOS.csproj", "{3AFDA59E-C3AF-4848-8C1F-674932E118FF}"
EndProject
Project("{FAE04EC0-301F-11D3-BF4B-00C04F79EFBC}") = "XamForms.Controls.Calendar", "XamForms.Controls.Calendar\XamForms.Controls.Calendar.csproj", "{DA721ED1-72ED-43EF-B909-FF4F037D6549}"
EndProject
Project("{2150E333-8FDC-42A3-9474-1A3956D46DE8}") = "Examples", "Examples", "{7D9236BA-96AB-491B-9234-42757EA56EBE}"
EndProject
Project("{FAE04EC0-301F-11D3-BF4B-00C04F79EFBC}") = "CalendarDemo.Droid", "Example\CalendarDemo\CalendarDemo.Droid\CalendarDemo.Droid.csproj", "{4A201683-DBC5-47D6-895C-C2F327909314}"
EndProject
Project("{FAE04EC0-301F-11D3-BF4B-00C04F79EFBC}") = "CalendarDemo.iOS", "Example\CalendarDemo\CalendarDemo.iOS\CalendarDemo.iOS.csproj", "{B99A9D16-7502-45AE-8285-BD2C87EDF467}"
EndProject
Project("{FAE04EC0-301F-11D3-BF4B-00C04F79EFBC}") = "CalendarDemo", "Example\CalendarDemo\CalendarDemo\CalendarDemo.csproj", "{E20B9FA0-D846-47A9-9ECE-FF6D426104BF}"
EndProject
Global
	GlobalSection(SolutionConfigurationPlatforms) = preSolution
		Ad-Hoc|Any CPU = Ad-Hoc|Any CPU
		Ad-Hoc|ARM = Ad-Hoc|ARM
		Ad-Hoc|iPhone = Ad-Hoc|iPhone
		Ad-Hoc|iPhoneSimulator = Ad-Hoc|iPhoneSimulator
		Ad-Hoc|x64 = Ad-Hoc|x64
		Ad-Hoc|x86 = Ad-Hoc|x86
		AppStore|Any CPU = AppStore|Any CPU
		AppStore|ARM = AppStore|ARM
		AppStore|iPhone = AppStore|iPhone
		AppStore|iPhoneSimulator = AppStore|iPhoneSimulator
		AppStore|x64 = AppStore|x64
		AppStore|x86 = AppStore|x86
		Debug|Any CPU = Debug|Any CPU
		Debug|ARM = Debug|ARM
		Debug|iPhone = Debug|iPhone
		Debug|iPhoneSimulator = Debug|iPhoneSimulator
		Debug|x64 = Debug|x64
		Debug|x86 = Debug|x86
		Release|Any CPU = Release|Any CPU
		Release|ARM = Release|ARM
		Release|iPhone = Release|iPhone
		Release|iPhoneSimulator = Release|iPhoneSimulator
		Release|x64 = Release|x64
		Release|x86 = Release|x86
	EndGlobalSection
	GlobalSection(ProjectConfigurationPlatforms) = postSolution
		{4F9925E4-91B2-4017-A750-38726100BD44}.Ad-Hoc|Any CPU.ActiveCfg = Release|Any CPU
		{4F9925E4-91B2-4017-A750-38726100BD44}.Ad-Hoc|Any CPU.Build.0 = Release|Any CPU
		{4F9925E4-91B2-4017-A750-38726100BD44}.Ad-Hoc|ARM.ActiveCfg = Release|Any CPU
		{4F9925E4-91B2-4017-A750-38726100BD44}.Ad-Hoc|ARM.Build.0 = Release|Any CPU
		{4F9925E4-91B2-4017-A750-38726100BD44}.Ad-Hoc|iPhone.ActiveCfg = Release|Any CPU
		{4F9925E4-91B2-4017-A750-38726100BD44}.Ad-Hoc|iPhone.Build.0 = Release|Any CPU
		{4F9925E4-91B2-4017-A750-38726100BD44}.Ad-Hoc|iPhoneSimulator.ActiveCfg = Release|Any CPU
		{4F9925E4-91B2-4017-A750-38726100BD44}.Ad-Hoc|iPhoneSimulator.Build.0 = Release|Any CPU
		{4F9925E4-91B2-4017-A750-38726100BD44}.Ad-Hoc|x64.ActiveCfg = Release|Any CPU
		{4F9925E4-91B2-4017-A750-38726100BD44}.Ad-Hoc|x64.Build.0 = Release|Any CPU
		{4F9925E4-91B2-4017-A750-38726100BD44}.Ad-Hoc|x86.ActiveCfg = Release|Any CPU
		{4F9925E4-91B2-4017-A750-38726100BD44}.Ad-Hoc|x86.Build.0 = Release|Any CPU
		{4F9925E4-91B2-4017-A750-38726100BD44}.AppStore|Any CPU.ActiveCfg = Release|Any CPU
		{4F9925E4-91B2-4017-A750-38726100BD44}.AppStore|Any CPU.Build.0 = Release|Any CPU
		{4F9925E4-91B2-4017-A750-38726100BD44}.AppStore|ARM.ActiveCfg = Release|Any CPU
		{4F9925E4-91B2-4017-A750-38726100BD44}.AppStore|ARM.Build.0 = Release|Any CPU
		{4F9925E4-91B2-4017-A750-38726100BD44}.AppStore|iPhone.ActiveCfg = Release|Any CPU
		{4F9925E4-91B2-4017-A750-38726100BD44}.AppStore|iPhone.Build.0 = Release|Any CPU
		{4F9925E4-91B2-4017-A750-38726100BD44}.AppStore|iPhoneSimulator.ActiveCfg = Release|Any CPU
		{4F9925E4-91B2-4017-A750-38726100BD44}.AppStore|iPhoneSimulator.Build.0 = Release|Any CPU
		{4F9925E4-91B2-4017-A750-38726100BD44}.AppStore|x64.ActiveCfg = Release|Any CPU
		{4F9925E4-91B2-4017-A750-38726100BD44}.AppStore|x64.Build.0 = Release|Any CPU
		{4F9925E4-91B2-4017-A750-38726100BD44}.AppStore|x86.ActiveCfg = Release|Any CPU
		{4F9925E4-91B2-4017-A750-38726100BD44}.AppStore|x86.Build.0 = Release|Any CPU
		{4F9925E4-91B2-4017-A750-38726100BD44}.Debug|Any CPU.ActiveCfg = Debug|Any CPU
		{4F9925E4-91B2-4017-A750-38726100BD44}.Debug|Any CPU.Build.0 = Debug|Any CPU
		{4F9925E4-91B2-4017-A750-38726100BD44}.Debug|ARM.ActiveCfg = Debug|Any CPU
		{4F9925E4-91B2-4017-A750-38726100BD44}.Debug|ARM.Build.0 = Debug|Any CPU
		{4F9925E4-91B2-4017-A750-38726100BD44}.Debug|iPhone.ActiveCfg = Debug|Any CPU
		{4F9925E4-91B2-4017-A750-38726100BD44}.Debug|iPhone.Build.0 = Debug|Any CPU
		{4F9925E4-91B2-4017-A750-38726100BD44}.Debug|iPhoneSimulator.ActiveCfg = Debug|Any CPU
		{4F9925E4-91B2-4017-A750-38726100BD44}.Debug|iPhoneSimulator.Build.0 = Debug|Any CPU
		{4F9925E4-91B2-4017-A750-38726100BD44}.Debug|x64.ActiveCfg = Debug|Any CPU
		{4F9925E4-91B2-4017-A750-38726100BD44}.Debug|x64.Build.0 = Debug|Any CPU
		{4F9925E4-91B2-4017-A750-38726100BD44}.Debug|x86.ActiveCfg = Debug|Any CPU
		{4F9925E4-91B2-4017-A750-38726100BD44}.Debug|x86.Build.0 = Debug|Any CPU
		{4F9925E4-91B2-4017-A750-38726100BD44}.Release|Any CPU.ActiveCfg = Release|Any CPU
		{4F9925E4-91B2-4017-A750-38726100BD44}.Release|Any CPU.Build.0 = Release|Any CPU
		{4F9925E4-91B2-4017-A750-38726100BD44}.Release|ARM.ActiveCfg = Release|Any CPU
		{4F9925E4-91B2-4017-A750-38726100BD44}.Release|ARM.Build.0 = Release|Any CPU
		{4F9925E4-91B2-4017-A750-38726100BD44}.Release|iPhone.ActiveCfg = Release|Any CPU
		{4F9925E4-91B2-4017-A750-38726100BD44}.Release|iPhone.Build.0 = Release|Any CPU
		{4F9925E4-91B2-4017-A750-38726100BD44}.Release|iPhoneSimulator.ActiveCfg = Release|Any CPU
		{4F9925E4-91B2-4017-A750-38726100BD44}.Release|iPhoneSimulator.Build.0 = Release|Any CPU
		{4F9925E4-91B2-4017-A750-38726100BD44}.Release|x64.ActiveCfg = Release|Any CPU
		{4F9925E4-91B2-4017-A750-38726100BD44}.Release|x64.Build.0 = Release|Any CPU
		{4F9925E4-91B2-4017-A750-38726100BD44}.Release|x86.ActiveCfg = Release|Any CPU
		{4F9925E4-91B2-4017-A750-38726100BD44}.Release|x86.Build.0 = Release|Any CPU
		{3AFDA59E-C3AF-4848-8C1F-674932E118FF}.Ad-Hoc|Any CPU.ActiveCfg = AppStore|Any CPU
		{3AFDA59E-C3AF-4848-8C1F-674932E118FF}.Ad-Hoc|Any CPU.Build.0 = AppStore|Any CPU
		{3AFDA59E-C3AF-4848-8C1F-674932E118FF}.Ad-Hoc|ARM.ActiveCfg = AppStore|Any CPU
		{3AFDA59E-C3AF-4848-8C1F-674932E118FF}.Ad-Hoc|ARM.Build.0 = AppStore|Any CPU
		{3AFDA59E-C3AF-4848-8C1F-674932E118FF}.Ad-Hoc|iPhone.ActiveCfg = AppStore|Any CPU
		{3AFDA59E-C3AF-4848-8C1F-674932E118FF}.Ad-Hoc|iPhone.Build.0 = AppStore|Any CPU
		{3AFDA59E-C3AF-4848-8C1F-674932E118FF}.Ad-Hoc|iPhoneSimulator.ActiveCfg = AppStore|Any CPU
		{3AFDA59E-C3AF-4848-8C1F-674932E118FF}.Ad-Hoc|iPhoneSimulator.Build.0 = AppStore|Any CPU
		{3AFDA59E-C3AF-4848-8C1F-674932E118FF}.Ad-Hoc|x64.ActiveCfg = AppStore|Any CPU
		{3AFDA59E-C3AF-4848-8C1F-674932E118FF}.Ad-Hoc|x64.Build.0 = AppStore|Any CPU
		{3AFDA59E-C3AF-4848-8C1F-674932E118FF}.Ad-Hoc|x86.ActiveCfg = AppStore|Any CPU
		{3AFDA59E-C3AF-4848-8C1F-674932E118FF}.Ad-Hoc|x86.Build.0 = AppStore|Any CPU
		{3AFDA59E-C3AF-4848-8C1F-674932E118FF}.AppStore|Any CPU.ActiveCfg = AppStore|Any CPU
		{3AFDA59E-C3AF-4848-8C1F-674932E118FF}.AppStore|Any CPU.Build.0 = AppStore|Any CPU
		{3AFDA59E-C3AF-4848-8C1F-674932E118FF}.AppStore|ARM.ActiveCfg = AppStore|Any CPU
		{3AFDA59E-C3AF-4848-8C1F-674932E118FF}.AppStore|ARM.Build.0 = AppStore|Any CPU
		{3AFDA59E-C3AF-4848-8C1F-674932E118FF}.AppStore|iPhone.ActiveCfg = AppStore|Any CPU
		{3AFDA59E-C3AF-4848-8C1F-674932E118FF}.AppStore|iPhone.Build.0 = AppStore|Any CPU
		{3AFDA59E-C3AF-4848-8C1F-674932E118FF}.AppStore|iPhoneSimulator.ActiveCfg = AppStore|Any CPU
		{3AFDA59E-C3AF-4848-8C1F-674932E118FF}.AppStore|iPhoneSimulator.Build.0 = AppStore|Any CPU
		{3AFDA59E-C3AF-4848-8C1F-674932E118FF}.AppStore|x64.ActiveCfg = AppStore|Any CPU
		{3AFDA59E-C3AF-4848-8C1F-674932E118FF}.AppStore|x64.Build.0 = AppStore|Any CPU
		{3AFDA59E-C3AF-4848-8C1F-674932E118FF}.AppStore|x86.ActiveCfg = AppStore|Any CPU
		{3AFDA59E-C3AF-4848-8C1F-674932E118FF}.AppStore|x86.Build.0 = AppStore|Any CPU
		{3AFDA59E-C3AF-4848-8C1F-674932E118FF}.Debug|Any CPU.ActiveCfg = Debug|Any CPU
		{3AFDA59E-C3AF-4848-8C1F-674932E118FF}.Debug|Any CPU.Build.0 = Debug|Any CPU
		{3AFDA59E-C3AF-4848-8C1F-674932E118FF}.Debug|ARM.ActiveCfg = Debug|Any CPU
		{3AFDA59E-C3AF-4848-8C1F-674932E118FF}.Debug|ARM.Build.0 = Debug|Any CPU
		{3AFDA59E-C3AF-4848-8C1F-674932E118FF}.Debug|iPhone.ActiveCfg = Debug|Any CPU
		{3AFDA59E-C3AF-4848-8C1F-674932E118FF}.Debug|iPhone.Build.0 = Debug|Any CPU
		{3AFDA59E-C3AF-4848-8C1F-674932E118FF}.Debug|iPhoneSimulator.ActiveCfg = Debug|Any CPU
		{3AFDA59E-C3AF-4848-8C1F-674932E118FF}.Debug|iPhoneSimulator.Build.0 = Debug|Any CPU
		{3AFDA59E-C3AF-4848-8C1F-674932E118FF}.Debug|x64.ActiveCfg = Debug|Any CPU
		{3AFDA59E-C3AF-4848-8C1F-674932E118FF}.Debug|x64.Build.0 = Debug|Any CPU
		{3AFDA59E-C3AF-4848-8C1F-674932E118FF}.Debug|x86.ActiveCfg = Debug|Any CPU
		{3AFDA59E-C3AF-4848-8C1F-674932E118FF}.Debug|x86.Build.0 = Debug|Any CPU
		{3AFDA59E-C3AF-4848-8C1F-674932E118FF}.Release|Any CPU.ActiveCfg = Release|Any CPU
		{3AFDA59E-C3AF-4848-8C1F-674932E118FF}.Release|Any CPU.Build.0 = Release|Any CPU
		{3AFDA59E-C3AF-4848-8C1F-674932E118FF}.Release|ARM.ActiveCfg = Release|Any CPU
		{3AFDA59E-C3AF-4848-8C1F-674932E118FF}.Release|ARM.Build.0 = Release|Any CPU
		{3AFDA59E-C3AF-4848-8C1F-674932E118FF}.Release|iPhone.ActiveCfg = Release|Any CPU
		{3AFDA59E-C3AF-4848-8C1F-674932E118FF}.Release|iPhone.Build.0 = Release|Any CPU
		{3AFDA59E-C3AF-4848-8C1F-674932E118FF}.Release|iPhoneSimulator.ActiveCfg = Release|Any CPU
		{3AFDA59E-C3AF-4848-8C1F-674932E118FF}.Release|iPhoneSimulator.Build.0 = Release|Any CPU
		{3AFDA59E-C3AF-4848-8C1F-674932E118FF}.Release|x64.ActiveCfg = Release|Any CPU
		{3AFDA59E-C3AF-4848-8C1F-674932E118FF}.Release|x64.Build.0 = Release|Any CPU
		{3AFDA59E-C3AF-4848-8C1F-674932E118FF}.Release|x86.ActiveCfg = Release|Any CPU
		{3AFDA59E-C3AF-4848-8C1F-674932E118FF}.Release|x86.Build.0 = Release|Any CPU
		{DA721ED1-72ED-43EF-B909-FF4F037D6549}.Ad-Hoc|Any CPU.ActiveCfg = Release|Any CPU
		{DA721ED1-72ED-43EF-B909-FF4F037D6549}.Ad-Hoc|Any CPU.Build.0 = Release|Any CPU
		{DA721ED1-72ED-43EF-B909-FF4F037D6549}.Ad-Hoc|ARM.ActiveCfg = Release|Any CPU
		{DA721ED1-72ED-43EF-B909-FF4F037D6549}.Ad-Hoc|ARM.Build.0 = Release|Any CPU
		{DA721ED1-72ED-43EF-B909-FF4F037D6549}.Ad-Hoc|iPhone.ActiveCfg = Release|Any CPU
		{DA721ED1-72ED-43EF-B909-FF4F037D6549}.Ad-Hoc|iPhone.Build.0 = Release|Any CPU
		{DA721ED1-72ED-43EF-B909-FF4F037D6549}.Ad-Hoc|iPhoneSimulator.ActiveCfg = Release|Any CPU
		{DA721ED1-72ED-43EF-B909-FF4F037D6549}.Ad-Hoc|iPhoneSimulator.Build.0 = Release|Any CPU
		{DA721ED1-72ED-43EF-B909-FF4F037D6549}.Ad-Hoc|x64.ActiveCfg = Release|Any CPU
		{DA721ED1-72ED-43EF-B909-FF4F037D6549}.Ad-Hoc|x64.Build.0 = Release|Any CPU
		{DA721ED1-72ED-43EF-B909-FF4F037D6549}.Ad-Hoc|x86.ActiveCfg = Release|Any CPU
		{DA721ED1-72ED-43EF-B909-FF4F037D6549}.Ad-Hoc|x86.Build.0 = Release|Any CPU
		{DA721ED1-72ED-43EF-B909-FF4F037D6549}.AppStore|Any CPU.ActiveCfg = Release|Any CPU
		{DA721ED1-72ED-43EF-B909-FF4F037D6549}.AppStore|Any CPU.Build.0 = Release|Any CPU
		{DA721ED1-72ED-43EF-B909-FF4F037D6549}.AppStore|ARM.ActiveCfg = Release|Any CPU
		{DA721ED1-72ED-43EF-B909-FF4F037D6549}.AppStore|ARM.Build.0 = Release|Any CPU
		{DA721ED1-72ED-43EF-B909-FF4F037D6549}.AppStore|iPhone.ActiveCfg = Release|Any CPU
		{DA721ED1-72ED-43EF-B909-FF4F037D6549}.AppStore|iPhone.Build.0 = Release|Any CPU
		{DA721ED1-72ED-43EF-B909-FF4F037D6549}.AppStore|iPhoneSimulator.ActiveCfg = Release|Any CPU
		{DA721ED1-72ED-43EF-B909-FF4F037D6549}.AppStore|iPhoneSimulator.Build.0 = Release|Any CPU
		{DA721ED1-72ED-43EF-B909-FF4F037D6549}.AppStore|x64.ActiveCfg = Release|Any CPU
		{DA721ED1-72ED-43EF-B909-FF4F037D6549}.AppStore|x64.Build.0 = Release|Any CPU
		{DA721ED1-72ED-43EF-B909-FF4F037D6549}.AppStore|x86.ActiveCfg = Release|Any CPU
		{DA721ED1-72ED-43EF-B909-FF4F037D6549}.AppStore|x86.Build.0 = Release|Any CPU
		{DA721ED1-72ED-43EF-B909-FF4F037D6549}.Debug|Any CPU.ActiveCfg = Debug|Any CPU
		{DA721ED1-72ED-43EF-B909-FF4F037D6549}.Debug|Any CPU.Build.0 = Debug|Any CPU
		{DA721ED1-72ED-43EF-B909-FF4F037D6549}.Debug|ARM.ActiveCfg = Debug|Any CPU
		{DA721ED1-72ED-43EF-B909-FF4F037D6549}.Debug|ARM.Build.0 = Debug|Any CPU
		{DA721ED1-72ED-43EF-B909-FF4F037D6549}.Debug|iPhone.ActiveCfg = Debug|Any CPU
		{DA721ED1-72ED-43EF-B909-FF4F037D6549}.Debug|iPhone.Build.0 = Debug|Any CPU
		{DA721ED1-72ED-43EF-B909-FF4F037D6549}.Debug|iPhoneSimulator.ActiveCfg = Debug|Any CPU
		{DA721ED1-72ED-43EF-B909-FF4F037D6549}.Debug|iPhoneSimulator.Build.0 = Debug|Any CPU
		{DA721ED1-72ED-43EF-B909-FF4F037D6549}.Debug|x64.ActiveCfg = Debug|Any CPU
		{DA721ED1-72ED-43EF-B909-FF4F037D6549}.Debug|x64.Build.0 = Debug|Any CPU
		{DA721ED1-72ED-43EF-B909-FF4F037D6549}.Debug|x86.ActiveCfg = Debug|Any CPU
		{DA721ED1-72ED-43EF-B909-FF4F037D6549}.Debug|x86.Build.0 = Debug|Any CPU
		{DA721ED1-72ED-43EF-B909-FF4F037D6549}.Release|Any CPU.ActiveCfg = Release|Any CPU
		{DA721ED1-72ED-43EF-B909-FF4F037D6549}.Release|Any CPU.Build.0 = Release|Any CPU
		{DA721ED1-72ED-43EF-B909-FF4F037D6549}.Release|ARM.ActiveCfg = Release|Any CPU
		{DA721ED1-72ED-43EF-B909-FF4F037D6549}.Release|ARM.Build.0 = Release|Any CPU
		{DA721ED1-72ED-43EF-B909-FF4F037D6549}.Release|iPhone.ActiveCfg = Release|Any CPU
		{DA721ED1-72ED-43EF-B909-FF4F037D6549}.Release|iPhone.Build.0 = Release|Any CPU
		{DA721ED1-72ED-43EF-B909-FF4F037D6549}.Release|iPhoneSimulator.ActiveCfg = Release|Any CPU
		{DA721ED1-72ED-43EF-B909-FF4F037D6549}.Release|iPhoneSimulator.Build.0 = Release|Any CPU
		{DA721ED1-72ED-43EF-B909-FF4F037D6549}.Release|x64.ActiveCfg = Release|Any CPU
		{DA721ED1-72ED-43EF-B909-FF4F037D6549}.Release|x64.Build.0 = Release|Any CPU
		{DA721ED1-72ED-43EF-B909-FF4F037D6549}.Release|x86.ActiveCfg = Release|Any CPU
		{DA721ED1-72ED-43EF-B909-FF4F037D6549}.Release|x86.Build.0 = Release|Any CPU
		{4A201683-DBC5-47D6-895C-C2F327909314}.Ad-Hoc|Any CPU.ActiveCfg = Release|Any CPU
		{4A201683-DBC5-47D6-895C-C2F327909314}.Ad-Hoc|Any CPU.Build.0 = Release|Any CPU
		{4A201683-DBC5-47D6-895C-C2F327909314}.Ad-Hoc|Any CPU.Deploy.0 = Release|Any CPU
		{4A201683-DBC5-47D6-895C-C2F327909314}.Ad-Hoc|ARM.ActiveCfg = Release|Any CPU
		{4A201683-DBC5-47D6-895C-C2F327909314}.Ad-Hoc|ARM.Build.0 = Release|Any CPU
		{4A201683-DBC5-47D6-895C-C2F327909314}.Ad-Hoc|ARM.Deploy.0 = Release|Any CPU
		{4A201683-DBC5-47D6-895C-C2F327909314}.Ad-Hoc|iPhone.ActiveCfg = Release|Any CPU
		{4A201683-DBC5-47D6-895C-C2F327909314}.Ad-Hoc|iPhone.Build.0 = Release|Any CPU
		{4A201683-DBC5-47D6-895C-C2F327909314}.Ad-Hoc|iPhone.Deploy.0 = Release|Any CPU
		{4A201683-DBC5-47D6-895C-C2F327909314}.Ad-Hoc|iPhoneSimulator.ActiveCfg = Release|Any CPU
		{4A201683-DBC5-47D6-895C-C2F327909314}.Ad-Hoc|iPhoneSimulator.Build.0 = Release|Any CPU
		{4A201683-DBC5-47D6-895C-C2F327909314}.Ad-Hoc|iPhoneSimulator.Deploy.0 = Release|Any CPU
		{4A201683-DBC5-47D6-895C-C2F327909314}.Ad-Hoc|x64.ActiveCfg = Release|Any CPU
		{4A201683-DBC5-47D6-895C-C2F327909314}.Ad-Hoc|x64.Build.0 = Release|Any CPU
		{4A201683-DBC5-47D6-895C-C2F327909314}.Ad-Hoc|x64.Deploy.0 = Release|Any CPU
		{4A201683-DBC5-47D6-895C-C2F327909314}.Ad-Hoc|x86.ActiveCfg = Release|Any CPU
		{4A201683-DBC5-47D6-895C-C2F327909314}.Ad-Hoc|x86.Build.0 = Release|Any CPU
		{4A201683-DBC5-47D6-895C-C2F327909314}.Ad-Hoc|x86.Deploy.0 = Release|Any CPU
		{4A201683-DBC5-47D6-895C-C2F327909314}.AppStore|Any CPU.ActiveCfg = Release|Any CPU
		{4A201683-DBC5-47D6-895C-C2F327909314}.AppStore|Any CPU.Build.0 = Release|Any CPU
		{4A201683-DBC5-47D6-895C-C2F327909314}.AppStore|Any CPU.Deploy.0 = Release|Any CPU
		{4A201683-DBC5-47D6-895C-C2F327909314}.AppStore|ARM.ActiveCfg = Release|Any CPU
		{4A201683-DBC5-47D6-895C-C2F327909314}.AppStore|ARM.Build.0 = Release|Any CPU
		{4A201683-DBC5-47D6-895C-C2F327909314}.AppStore|ARM.Deploy.0 = Release|Any CPU
		{4A201683-DBC5-47D6-895C-C2F327909314}.AppStore|iPhone.ActiveCfg = Release|Any CPU
		{4A201683-DBC5-47D6-895C-C2F327909314}.AppStore|iPhone.Build.0 = Release|Any CPU
		{4A201683-DBC5-47D6-895C-C2F327909314}.AppStore|iPhone.Deploy.0 = Release|Any CPU
		{4A201683-DBC5-47D6-895C-C2F327909314}.AppStore|iPhoneSimulator.ActiveCfg = Release|Any CPU
		{4A201683-DBC5-47D6-895C-C2F327909314}.AppStore|iPhoneSimulator.Build.0 = Release|Any CPU
		{4A201683-DBC5-47D6-895C-C2F327909314}.AppStore|iPhoneSimulator.Deploy.0 = Release|Any CPU
		{4A201683-DBC5-47D6-895C-C2F327909314}.AppStore|x64.ActiveCfg = Release|Any CPU
		{4A201683-DBC5-47D6-895C-C2F327909314}.AppStore|x64.Build.0 = Release|Any CPU
		{4A201683-DBC5-47D6-895C-C2F327909314}.AppStore|x64.Deploy.0 = Release|Any CPU
		{4A201683-DBC5-47D6-895C-C2F327909314}.AppStore|x86.ActiveCfg = Release|Any CPU
		{4A201683-DBC5-47D6-895C-C2F327909314}.AppStore|x86.Build.0 = Release|Any CPU
		{4A201683-DBC5-47D6-895C-C2F327909314}.AppStore|x86.Deploy.0 = Release|Any CPU
		{4A201683-DBC5-47D6-895C-C2F327909314}.Debug|Any CPU.ActiveCfg = Debug|Any CPU
		{4A201683-DBC5-47D6-895C-C2F327909314}.Debug|Any CPU.Build.0 = Debug|Any CPU
		{4A201683-DBC5-47D6-895C-C2F327909314}.Debug|Any CPU.Deploy.0 = Debug|Any CPU
		{4A201683-DBC5-47D6-895C-C2F327909314}.Debug|ARM.ActiveCfg = Debug|Any CPU
		{4A201683-DBC5-47D6-895C-C2F327909314}.Debug|ARM.Build.0 = Debug|Any CPU
		{4A201683-DBC5-47D6-895C-C2F327909314}.Debug|ARM.Deploy.0 = Debug|Any CPU
		{4A201683-DBC5-47D6-895C-C2F327909314}.Debug|iPhone.ActiveCfg = Debug|Any CPU
		{4A201683-DBC5-47D6-895C-C2F327909314}.Debug|iPhone.Build.0 = Debug|Any CPU
		{4A201683-DBC5-47D6-895C-C2F327909314}.Debug|iPhone.Deploy.0 = Debug|Any CPU
		{4A201683-DBC5-47D6-895C-C2F327909314}.Debug|iPhoneSimulator.ActiveCfg = Debug|Any CPU
		{4A201683-DBC5-47D6-895C-C2F327909314}.Debug|iPhoneSimulator.Build.0 = Debug|Any CPU
		{4A201683-DBC5-47D6-895C-C2F327909314}.Debug|iPhoneSimulator.Deploy.0 = Debug|Any CPU
		{4A201683-DBC5-47D6-895C-C2F327909314}.Debug|x64.ActiveCfg = Debug|Any CPU
		{4A201683-DBC5-47D6-895C-C2F327909314}.Debug|x64.Build.0 = Debug|Any CPU
		{4A201683-DBC5-47D6-895C-C2F327909314}.Debug|x64.Deploy.0 = Debug|Any CPU
		{4A201683-DBC5-47D6-895C-C2F327909314}.Debug|x86.ActiveCfg = Debug|Any CPU
		{4A201683-DBC5-47D6-895C-C2F327909314}.Debug|x86.Build.0 = Debug|Any CPU
		{4A201683-DBC5-47D6-895C-C2F327909314}.Debug|x86.Deploy.0 = Debug|Any CPU
		{4A201683-DBC5-47D6-895C-C2F327909314}.Release|Any CPU.ActiveCfg = Release|Any CPU
		{4A201683-DBC5-47D6-895C-C2F327909314}.Release|Any CPU.Build.0 = Release|Any CPU
		{4A201683-DBC5-47D6-895C-C2F327909314}.Release|Any CPU.Deploy.0 = Release|Any CPU
		{4A201683-DBC5-47D6-895C-C2F327909314}.Release|ARM.ActiveCfg = Release|Any CPU
		{4A201683-DBC5-47D6-895C-C2F327909314}.Release|ARM.Build.0 = Release|Any CPU
		{4A201683-DBC5-47D6-895C-C2F327909314}.Release|ARM.Deploy.0 = Release|Any CPU
		{4A201683-DBC5-47D6-895C-C2F327909314}.Release|iPhone.ActiveCfg = Release|Any CPU
		{4A201683-DBC5-47D6-895C-C2F327909314}.Release|iPhone.Build.0 = Release|Any CPU
		{4A201683-DBC5-47D6-895C-C2F327909314}.Release|iPhone.Deploy.0 = Release|Any CPU
		{4A201683-DBC5-47D6-895C-C2F327909314}.Release|iPhoneSimulator.ActiveCfg = Release|Any CPU
		{4A201683-DBC5-47D6-895C-C2F327909314}.Release|iPhoneSimulator.Build.0 = Release|Any CPU
		{4A201683-DBC5-47D6-895C-C2F327909314}.Release|iPhoneSimulator.Deploy.0 = Release|Any CPU
		{4A201683-DBC5-47D6-895C-C2F327909314}.Release|x64.ActiveCfg = Release|Any CPU
		{4A201683-DBC5-47D6-895C-C2F327909314}.Release|x64.Build.0 = Release|Any CPU
		{4A201683-DBC5-47D6-895C-C2F327909314}.Release|x64.Deploy.0 = Release|Any CPU
		{4A201683-DBC5-47D6-895C-C2F327909314}.Release|x86.ActiveCfg = Release|Any CPU
		{4A201683-DBC5-47D6-895C-C2F327909314}.Release|x86.Build.0 = Release|Any CPU
		{4A201683-DBC5-47D6-895C-C2F327909314}.Release|x86.Deploy.0 = Release|Any CPU
		{B99A9D16-7502-45AE-8285-BD2C87EDF467}.Ad-Hoc|Any CPU.ActiveCfg = Ad-Hoc|iPhone
		{B99A9D16-7502-45AE-8285-BD2C87EDF467}.Ad-Hoc|ARM.ActiveCfg = Ad-Hoc|iPhone
		{B99A9D16-7502-45AE-8285-BD2C87EDF467}.Ad-Hoc|iPhone.ActiveCfg = Ad-Hoc|iPhone
		{B99A9D16-7502-45AE-8285-BD2C87EDF467}.Ad-Hoc|iPhone.Build.0 = Ad-Hoc|iPhone
		{B99A9D16-7502-45AE-8285-BD2C87EDF467}.Ad-Hoc|iPhoneSimulator.ActiveCfg = Ad-Hoc|iPhoneSimulator
		{B99A9D16-7502-45AE-8285-BD2C87EDF467}.Ad-Hoc|iPhoneSimulator.Build.0 = Ad-Hoc|iPhoneSimulator
		{B99A9D16-7502-45AE-8285-BD2C87EDF467}.Ad-Hoc|x64.ActiveCfg = Ad-Hoc|iPhone
		{B99A9D16-7502-45AE-8285-BD2C87EDF467}.Ad-Hoc|x86.ActiveCfg = Ad-Hoc|iPhone
		{B99A9D16-7502-45AE-8285-BD2C87EDF467}.AppStore|Any CPU.ActiveCfg = AppStore|iPhone
		{B99A9D16-7502-45AE-8285-BD2C87EDF467}.AppStore|ARM.ActiveCfg = AppStore|iPhone
		{B99A9D16-7502-45AE-8285-BD2C87EDF467}.AppStore|iPhone.ActiveCfg = AppStore|iPhone
		{B99A9D16-7502-45AE-8285-BD2C87EDF467}.AppStore|iPhone.Build.0 = AppStore|iPhone
		{B99A9D16-7502-45AE-8285-BD2C87EDF467}.AppStore|iPhoneSimulator.ActiveCfg = AppStore|iPhoneSimulator
		{B99A9D16-7502-45AE-8285-BD2C87EDF467}.AppStore|iPhoneSimulator.Build.0 = AppStore|iPhoneSimulator
		{B99A9D16-7502-45AE-8285-BD2C87EDF467}.AppStore|x64.ActiveCfg = AppStore|iPhone
		{B99A9D16-7502-45AE-8285-BD2C87EDF467}.AppStore|x86.ActiveCfg = AppStore|iPhone
		{B99A9D16-7502-45AE-8285-BD2C87EDF467}.Debug|Any CPU.ActiveCfg = Debug|iPhoneSimulator
		{B99A9D16-7502-45AE-8285-BD2C87EDF467}.Debug|ARM.ActiveCfg = Debug|iPhone
		{B99A9D16-7502-45AE-8285-BD2C87EDF467}.Debug|iPhone.ActiveCfg = Debug|iPhone
		{B99A9D16-7502-45AE-8285-BD2C87EDF467}.Debug|iPhone.Build.0 = Debug|iPhone
		{B99A9D16-7502-45AE-8285-BD2C87EDF467}.Debug|iPhoneSimulator.ActiveCfg = Debug|iPhoneSimulator
		{B99A9D16-7502-45AE-8285-BD2C87EDF467}.Debug|iPhoneSimulator.Build.0 = Debug|iPhoneSimulator
		{B99A9D16-7502-45AE-8285-BD2C87EDF467}.Debug|x64.ActiveCfg = Debug|iPhone
		{B99A9D16-7502-45AE-8285-BD2C87EDF467}.Debug|x86.ActiveCfg = Debug|iPhone
		{B99A9D16-7502-45AE-8285-BD2C87EDF467}.Release|Any CPU.ActiveCfg = Release|iPhone
		{B99A9D16-7502-45AE-8285-BD2C87EDF467}.Release|ARM.ActiveCfg = Release|iPhone
		{B99A9D16-7502-45AE-8285-BD2C87EDF467}.Release|iPhone.ActiveCfg = Release|iPhone
		{B99A9D16-7502-45AE-8285-BD2C87EDF467}.Release|iPhone.Build.0 = Release|iPhone
		{B99A9D16-7502-45AE-8285-BD2C87EDF467}.Release|iPhoneSimulator.ActiveCfg = Release|iPhoneSimulator
		{B99A9D16-7502-45AE-8285-BD2C87EDF467}.Release|iPhoneSimulator.Build.0 = Release|iPhoneSimulator
		{B99A9D16-7502-45AE-8285-BD2C87EDF467}.Release|x64.ActiveCfg = Release|iPhone
		{B99A9D16-7502-45AE-8285-BD2C87EDF467}.Release|x86.ActiveCfg = Release|iPhone
		{B99A9D16-7502-45AE-8285-BD2C87EDF467}.Debug|Any CPU.Build.0 = Debug|iPhoneSimulator
		{E20B9FA0-D846-47A9-9ECE-FF6D426104BF}.Ad-Hoc|Any CPU.ActiveCfg = Release|Any CPU
		{E20B9FA0-D846-47A9-9ECE-FF6D426104BF}.Ad-Hoc|Any CPU.Build.0 = Release|Any CPU
		{E20B9FA0-D846-47A9-9ECE-FF6D426104BF}.Ad-Hoc|ARM.ActiveCfg = Release|Any CPU
		{E20B9FA0-D846-47A9-9ECE-FF6D426104BF}.Ad-Hoc|ARM.Build.0 = Release|Any CPU
		{E20B9FA0-D846-47A9-9ECE-FF6D426104BF}.Ad-Hoc|iPhone.ActiveCfg = Release|Any CPU
		{E20B9FA0-D846-47A9-9ECE-FF6D426104BF}.Ad-Hoc|iPhone.Build.0 = Release|Any CPU
		{E20B9FA0-D846-47A9-9ECE-FF6D426104BF}.Ad-Hoc|iPhoneSimulator.ActiveCfg = Release|Any CPU
		{E20B9FA0-D846-47A9-9ECE-FF6D426104BF}.Ad-Hoc|iPhoneSimulator.Build.0 = Release|Any CPU
		{E20B9FA0-D846-47A9-9ECE-FF6D426104BF}.Ad-Hoc|x64.ActiveCfg = Release|Any CPU
		{E20B9FA0-D846-47A9-9ECE-FF6D426104BF}.Ad-Hoc|x64.Build.0 = Release|Any CPU
		{E20B9FA0-D846-47A9-9ECE-FF6D426104BF}.Ad-Hoc|x86.ActiveCfg = Release|Any CPU
		{E20B9FA0-D846-47A9-9ECE-FF6D426104BF}.Ad-Hoc|x86.Build.0 = Release|Any CPU
		{E20B9FA0-D846-47A9-9ECE-FF6D426104BF}.AppStore|Any CPU.ActiveCfg = Release|Any CPU
		{E20B9FA0-D846-47A9-9ECE-FF6D426104BF}.AppStore|Any CPU.Build.0 = Release|Any CPU
		{E20B9FA0-D846-47A9-9ECE-FF6D426104BF}.AppStore|ARM.ActiveCfg = Release|Any CPU
		{E20B9FA0-D846-47A9-9ECE-FF6D426104BF}.AppStore|ARM.Build.0 = Release|Any CPU
		{E20B9FA0-D846-47A9-9ECE-FF6D426104BF}.AppStore|iPhone.ActiveCfg = Release|Any CPU
		{E20B9FA0-D846-47A9-9ECE-FF6D426104BF}.AppStore|iPhone.Build.0 = Release|Any CPU
		{E20B9FA0-D846-47A9-9ECE-FF6D426104BF}.AppStore|iPhoneSimulator.ActiveCfg = Release|Any CPU
		{E20B9FA0-D846-47A9-9ECE-FF6D426104BF}.AppStore|iPhoneSimulator.Build.0 = Release|Any CPU
		{E20B9FA0-D846-47A9-9ECE-FF6D426104BF}.AppStore|x64.ActiveCfg = Release|Any CPU
		{E20B9FA0-D846-47A9-9ECE-FF6D426104BF}.AppStore|x64.Build.0 = Release|Any CPU
		{E20B9FA0-D846-47A9-9ECE-FF6D426104BF}.AppStore|x86.ActiveCfg = Release|Any CPU
		{E20B9FA0-D846-47A9-9ECE-FF6D426104BF}.AppStore|x86.Build.0 = Release|Any CPU
		{E20B9FA0-D846-47A9-9ECE-FF6D426104BF}.Debug|Any CPU.ActiveCfg = Debug|Any CPU
		{E20B9FA0-D846-47A9-9ECE-FF6D426104BF}.Debug|Any CPU.Build.0 = Debug|Any CPU
		{E20B9FA0-D846-47A9-9ECE-FF6D426104BF}.Debug|ARM.ActiveCfg = Debug|Any CPU
		{E20B9FA0-D846-47A9-9ECE-FF6D426104BF}.Debug|ARM.Build.0 = Debug|Any CPU
		{E20B9FA0-D846-47A9-9ECE-FF6D426104BF}.Debug|iPhone.ActiveCfg = Debug|Any CPU
		{E20B9FA0-D846-47A9-9ECE-FF6D426104BF}.Debug|iPhone.Build.0 = Debug|Any CPU
		{E20B9FA0-D846-47A9-9ECE-FF6D426104BF}.Debug|iPhoneSimulator.ActiveCfg = Debug|Any CPU
		{E20B9FA0-D846-47A9-9ECE-FF6D426104BF}.Debug|iPhoneSimulator.Build.0 = Debug|Any CPU
		{E20B9FA0-D846-47A9-9ECE-FF6D426104BF}.Debug|x64.ActiveCfg = Debug|Any CPU
		{E20B9FA0-D846-47A9-9ECE-FF6D426104BF}.Debug|x64.Build.0 = Debug|Any CPU
		{E20B9FA0-D846-47A9-9ECE-FF6D426104BF}.Debug|x86.ActiveCfg = Debug|Any CPU
		{E20B9FA0-D846-47A9-9ECE-FF6D426104BF}.Debug|x86.Build.0 = Debug|Any CPU
		{E20B9FA0-D846-47A9-9ECE-FF6D426104BF}.Release|Any CPU.ActiveCfg = Release|Any CPU
		{E20B9FA0-D846-47A9-9ECE-FF6D426104BF}.Release|Any CPU.Build.0 = Release|Any CPU
		{E20B9FA0-D846-47A9-9ECE-FF6D426104BF}.Release|ARM.ActiveCfg = Release|Any CPU
		{E20B9FA0-D846-47A9-9ECE-FF6D426104BF}.Release|ARM.Build.0 = Release|Any CPU
		{E20B9FA0-D846-47A9-9ECE-FF6D426104BF}.Release|iPhone.ActiveCfg = Release|Any CPU
		{E20B9FA0-D846-47A9-9ECE-FF6D426104BF}.Release|iPhone.Build.0 = Release|Any CPU
		{E20B9FA0-D846-47A9-9ECE-FF6D426104BF}.Release|iPhoneSimulator.ActiveCfg = Release|Any CPU
		{E20B9FA0-D846-47A9-9ECE-FF6D426104BF}.Release|iPhoneSimulator.Build.0 = Release|Any CPU
		{E20B9FA0-D846-47A9-9ECE-FF6D426104BF}.Release|x64.ActiveCfg = Release|Any CPU
		{E20B9FA0-D846-47A9-9ECE-FF6D426104BF}.Release|x64.Build.0 = Release|Any CPU
		{E20B9FA0-D846-47A9-9ECE-FF6D426104BF}.Release|x86.ActiveCfg = Release|Any CPU
		{E20B9FA0-D846-47A9-9ECE-FF6D426104BF}.Release|x86.Build.0 = Release|Any CPU
	EndGlobalSection
	GlobalSection(SolutionProperties) = preSolution
		HideSolutionNode = FALSE
	EndGlobalSection
	GlobalSection(NestedProjects) = preSolution
		{4A201683-DBC5-47D6-895C-C2F327909314} = {7D9236BA-96AB-491B-9234-42757EA56EBE}
		{B99A9D16-7502-45AE-8285-BD2C87EDF467} = {7D9236BA-96AB-491B-9234-42757EA56EBE}
		{E20B9FA0-D846-47A9-9ECE-FF6D426104BF} = {7D9236BA-96AB-491B-9234-42757EA56EBE}
	EndGlobalSection
EndGlobal
